<?xml version="1.0" encoding="utf-8"?>
<Project ToolsVersion="4.0" xmlns="http://schemas.microsoft.com/developer/msbuild/2003">
  <ItemGroup>
    <ClCompile Include="Source\Configuration.cpp" />
    <ClCompile Include="Source\EU4toV2Converter.cpp" />
    <ClCompile Include="Source\FlagUtils.cpp" />
    <ClCompile Include="Source\main.cpp" />
    <ClCompile Include="Source\targa.cpp" />
    <ClCompile Include="Source\Mappers\AdjacencyMapper.cpp">
      <Filter>Mappers</Filter>
    </ClCompile>
    <ClCompile Include="Source\EU4World\Regions\Area.cpp">
      <Filter>EU4World\Regions</Filter>
    </ClCompile>
    <ClCompile Include="Source\EU4World\Regions\AreaNames.cpp">
      <Filter>EU4World\Regions</Filter>
    </ClCompile>
    <ClCompile Include="Source\EU4World\Regions\Areas.cpp">
      <Filter>EU4World\Regions</Filter>
    </ClCompile>
    <ClCompile Include="Source\V2World\BlockedTechSchools.cpp">
      <Filter>Vic2World</Filter>
    </ClCompile>
    <ClCompile Include="Source\Mappers\CK2TitleMapper.cpp">
      <Filter>Mappers</Filter>
    </ClCompile>
    <ClCompile Include="Source\EU4World\ColonialRegions.cpp">
      <Filter>EU4World</Filter>
    </ClCompile>
    <ClCompile Include="Source\Mappers\ColonialTagsMapper.cpp">
      <Filter>Mappers</Filter>
    </ClCompile>
    <ClCompile Include="Source\Mappers\ColonyFlagsetMapper.cpp">
      <Filter>Mappers</Filter>
    </ClCompile>
    <ClCompile Include="..\common_items\CommonUtils.cpp">
      <Filter>CommonItems</Filter>
    </ClCompile>
    <ClCompile Include="..\common_items\CardinalToOrdinal.cpp">
      <Filter>CommonItems</Filter>
    </ClCompile>
    <ClCompile Include="..\common_items\Color.cpp">
      <Filter>CommonItems</Filter>
    </ClCompile>
    <ClCompile Include="Source\EU4World\Continents.cpp">
      <Filter>EU4World</Filter>
    </ClCompile>
    <ClCompile Include="Source\EU4World\Countries.cpp">
      <Filter>EU4World</Filter>
    </ClCompile>
    <ClCompile Include="Source\Mappers\CountryMapping.cpp">
      <Filter>Mappers</Filter>
    </ClCompile>
    <ClCompile Include="Source\EU4World\CultureGroups.cpp">
      <Filter>EU4World</Filter>
    </ClCompile>
    <ClCompile Include="Source\Mappers\CultureMapper.cpp">
      <Filter>Mappers</Filter>
    </ClCompile>
    <ClCompile Include="Source\Mappers\CultureMapping.cpp">
      <Filter>Mappers</Filter>
    </ClCompile>
    <ClCompile Include="Source\Mappers\CultureMappingRule.cpp">
      <Filter>Mappers</Filter>
    </ClCompile>
    <ClCompile Include="..\common_items\Date.cpp">
      <Filter>CommonItems</Filter>
    </ClCompile>
    <ClCompile Include="Source\EU4World\EU4Country.cpp">
      <Filter>EU4World</Filter>
    </ClCompile>
    <ClCompile Include="Source\EU4World\EU4Diplomacy.cpp">
      <Filter>EU4World</Filter>
    </ClCompile>
    <ClCompile Include="Source\EU4World\EU4Localisation.cpp">
      <Filter>EU4World</Filter>
    </ClCompile>
    <ClCompile Include="Source\EU4World\EU4Relations.cpp">
      <Filter>EU4World</Filter>
    </ClCompile>
    <ClCompile Include="Source\EU4World\EU4Version.cpp">
      <Filter>EU4World</Filter>
    </ClCompile>
    <ClCompile Include="Source\Mappers\FlagColorMapper.cpp">
      <Filter>Mappers</Filter>
    </ClCompile>
    <ClCompile Include="Source\Mappers\GovermentMapper.cpp">
      <Filter>Mappers</Filter>
    </ClCompile>
    <ClCompile Include="Source\EU4World\ID.cpp">
      <Filter>EU4World</Filter>
    </ClCompile>
    <ClCompile Include="..\common_items\Log.cpp">
      <Filter>CommonItems</Filter>
    </ClCompile>
    <ClCompile Include="Source\Mappers\MinorityPopMapper.cpp">
      <Filter>Mappers</Filter>
    </ClCompile>
    <ClCompile Include="..\common_items\newParser.cpp">
      <Filter>CommonItems</Filter>
    </ClCompile>
    <ClCompile Include="..\common_items\NewParserToOldParserConverters.cpp">
      <Filter>CommonItems</Filter>
    </ClCompile>
    <ClCompile Include="..\common_items\Object.cpp">
      <Filter>CommonItems</Filter>
    </ClCompile>
    <ClCompile Include="..\common_items\ParadoxParser8859_15.cpp">
      <Filter>CommonItems</Filter>
    </ClCompile>
    <ClCompile Include="..\common_items\ParadoxParserUTF8.cpp">
      <Filter>CommonItems</Filter>
    </ClCompile>
    <ClCompile Include="..\common_items\ParserHelpers.cpp">
      <Filter>CommonItems</Filter>
    </ClCompile>
    <ClCompile Include="Source\EU4World\Regions\Region.cpp">
      <Filter>EU4World\Regions</Filter>
    </ClCompile>
    <ClCompile Include="Source\EU4World\Regions\Regions.cpp">
      <Filter>EU4World\Regions</Filter>
    </ClCompile>
    <ClCompile Include="Source\Mappers\ReligionMapper.cpp">
      <Filter>Mappers</Filter>
    </ClCompile>
    <ClCompile Include="Source\V2World\StateMapper.cpp">
      <Filter>Mappers</Filter>
    </ClCompile>
    <ClCompile Include="Source\V2World\V2Army.cpp">
      <Filter>Vic2World</Filter>
    </ClCompile>
    <ClCompile Include="Source\V2World\V2Country.cpp">
      <Filter>Vic2World</Filter>
    </ClCompile>
    <ClCompile Include="Source\V2World\V2Creditor.cpp">
      <Filter>Vic2World</Filter>
    </ClCompile>
    <ClCompile Include="Source\V2World\V2Diplomacy.cpp">
      <Filter>Vic2World</Filter>
    </ClCompile>
    <ClCompile Include="Source\V2World\V2Flags.cpp">
      <Filter>Vic2World</Filter>
    </ClCompile>
    <ClCompile Include="Source\V2World\V2Localisation.cpp">
      <Filter>Vic2World</Filter>
    </ClCompile>
    <ClCompile Include="Source\V2World\V2Party.cpp">
      <Filter>Vic2World</Filter>
    </ClCompile>
    <ClCompile Include="Source\V2World\V2Pop.cpp">
      <Filter>Vic2World</Filter>
    </ClCompile>
    <ClCompile Include="Source\V2World\V2Province.cpp">
      <Filter>Vic2World</Filter>
    </ClCompile>
    <ClCompile Include="Source\V2World\V2Reforms.cpp">
      <Filter>Vic2World</Filter>
    </ClCompile>
    <ClCompile Include="Source\V2World\V2Relations.cpp">
      <Filter>Vic2World</Filter>
    </ClCompile>
    <ClCompile Include="Source\V2World\V2State.cpp">
      <Filter>Vic2World</Filter>
    </ClCompile>
    <ClCompile Include="Source\V2World\V2TechSchools.cpp">
      <Filter>Vic2World</Filter>
    </ClCompile>
    <ClCompile Include="Source\V2World\V2World.cpp">
      <Filter>Vic2World</Filter>
    </ClCompile>
    <ClCompile Include="Source\V2World\Vic2CultureUnion.cpp">
      <Filter>Vic2World</Filter>
    </ClCompile>
    <ClCompile Include="Source\V2World\Vic2CultureUnionMapper.cpp">
      <Filter>Vic2World</Filter>
    </ClCompile>
    <ClCompile Include="Source\V2World\Vic2Regions.cpp">
      <Filter>Vic2World</Filter>
    </ClCompile>
    <ClCompile Include="Source\V2World\Vic2TechSchool.cpp">
      <Filter>Vic2World</Filter>
    </ClCompile>
    <ClCompile Include="..\common_items\WinUtils.cpp">
      <Filter>CommonItems</Filter>
    </ClCompile>
    <ClCompile Include="Source\EU4World\World.cpp">
      <Filter>EU4World</Filter>
    </ClCompile>
    <ClCompile Include="Source\Mappers\ReligionMapping.cpp">
      <Filter>Mappers</Filter>
    </ClCompile>
    <ClCompile Include="Source\EU4World\Religions\Religion.cpp">
      <Filter>EU4World\Religions</Filter>
    </ClCompile>
    <ClCompile Include="Source\EU4World\Religions\ReligionGroup.cpp">
      <Filter>EU4World\Religions</Filter>
    </ClCompile>
    <ClCompile Include="Source\EU4World\Religions\Religions.cpp">
      <Filter>EU4World\Religions</Filter>
    </ClCompile>
    <ClCompile Include="Source\EU4World\Provinces\GreatProjects.cpp">
      <Filter>EU4World\Provinces</Filter>
    </ClCompile>
    <ClCompile Include="Source\EU4World\Provinces\DateItem.cpp">
      <Filter>EU4World\Provinces</Filter>
    </ClCompile>
    <ClCompile Include="Source\EU4World\Provinces\DateItems.cpp">
      <Filter>EU4World\Provinces</Filter>
    </ClCompile>
    <ClCompile Include="Source\EU4World\Provinces\EU4Province.cpp">
      <Filter>EU4World\Provinces</Filter>
    </ClCompile>
    <ClCompile Include="Source\EU4World\Provinces\PopRatio.cpp">
      <Filter>EU4World\Provinces</Filter>
    </ClCompile>
    <ClCompile Include="Source\EU4World\Provinces\ProvinceHistory.cpp">
      <Filter>EU4World\Provinces</Filter>
    </ClCompile>
    <ClCompile Include="Source\EU4World\Provinces\Provinces.cpp">
      <Filter>EU4World\Provinces</Filter>
    </ClCompile>
    <ClCompile Include="Source\Mappers\ProvinceMappings\ProvinceMapping.cpp">
      <Filter>Mappers\ProvinceMappings</Filter>
    </ClCompile>
    <ClCompile Include="Source\Mappers\ProvinceMappings\ProvinceMappingsVersion.cpp">
      <Filter>Mappers\ProvinceMappings</Filter>
    </ClCompile>
    <ClCompile Include="Source\Mappers\ProvinceMappings\ProvinceMapper.cpp">
      <Filter>Mappers\ProvinceMappings</Filter>
    </ClCompile>
    <ClCompile Include="Source\EU4World\Mods\Mod.cpp">
      <Filter>EU4World\Mods</Filter>
    </ClCompile>
    <ClCompile Include="Source\EU4World\Mods\Mods.cpp">
      <Filter>EU4World\Mods</Filter>
    </ClCompile>
    <ClCompile Include="Source\Helpers\TechValues.cpp">
      <Filter>Helpers</Filter>
    </ClCompile>
    <ClCompile Include="Source\Mappers\Ideas\IdeaEffects.cpp">
      <Filter>Mappers\Ideas</Filter>
    </ClCompile>
    <ClCompile Include="Source\Mappers\Ideas\IdeaEffectMapper.cpp">
      <Filter>Mappers\Ideas</Filter>
    </ClCompile>
    <ClCompile Include="Source\EU4World\Provinces\ProvinceBuildings.cpp">
      <Filter>EU4World\Provinces</Filter>
    </ClCompile>
    <ClCompile Include="Source\EU4World\Buildings\Building.cpp">
      <Filter>EU4World\Buildings</Filter>
    </ClCompile>
    <ClCompile Include="Source\EU4World\Buildings\Buildings.cpp">
      <Filter>EU4World\Buildings</Filter>
    </ClCompile>
    <ClCompile Include="Source\EU4World\Modifiers\Modifier.cpp">
      <Filter>EU4World\Modifiers</Filter>
    </ClCompile>
    <ClCompile Include="Source\EU4World\Modifiers\Modifiers.cpp">
      <Filter>EU4World\Modifiers</Filter>
    </ClCompile>
    <ClCompile Include="Source\EU4World\Provinces\ProvinceModifier.cpp">
      <Filter>EU4World\Provinces</Filter>
    </ClCompile>
    <ClCompile Include="Source\Mappers\Ideas\TechGroups.cpp">
      <Filter>Mappers\Ideas</Filter>
    </ClCompile>
    <ClCompile Include="Source\Mappers\Ideas\TechGroupsMapper.cpp">
      <Filter>Mappers\Ideas</Filter>
    </ClCompile>
    <ClCompile Include="Source\V2World\V2UncivReforms.cpp">
      <Filter>Vic2World</Filter>
    </ClCompile>
    <ClCompile Include="Source\EU4World\Country\EU4ReformsSection.cpp">
      <Filter>EU4World\Country</Filter>
    </ClCompile>
    <ClCompile Include="Source\EU4World\Country\EU4ReformStackSection.cpp">
      <Filter>EU4World\Country</Filter>
    </ClCompile>
    <ClCompile Include="Source\EU4World\Country\EU4GovernmentSection.cpp">
      <Filter>EU4World\Country</Filter>
    </ClCompile>
    <ClCompile Include="..\common_items\StringUtils.cpp">
      <Filter>CommonItems</Filter>
    </ClCompile>
    <ClCompile Include="Source\EU4World\Country\EU4NationalSymbol.cpp">
      <Filter>EU4World\Country</Filter>
    </ClCompile>
    <ClCompile Include="Source\EU4World\Country\EU4CustomColors.cpp">
      <Filter>EU4World\Country</Filter>
    </ClCompile>
    <ClCompile Include="Source\Mappers\PartyName.cpp">
      <Filter>Mappers</Filter>
    </ClCompile>
    <ClCompile Include="Source\Mappers\PartyNameMapper.cpp">
      <Filter>Mappers</Filter>
    </ClCompile>
    <ClCompile Include="Source\Mappers\MinorityPop.cpp">
      <Filter>Mappers</Filter>
    </ClCompile>
    <ClCompile Include="Source\EU4World\Army\EU4Army.cpp">
      <Filter>EU4World\Army</Filter>
    </ClCompile>
    <ClCompile Include="Source\EU4World\Army\EU4Regiment.cpp">
      <Filter>EU4World\Army</Filter>
    </ClCompile>
    <ClCompile Include="Source\Mappers\UnitTypeMapper.cpp">
      <Filter>Mappers</Filter>
    </ClCompile>
    <ClCompile Include="Source\Mappers\UnitType.cpp">
      <Filter>Mappers</Filter>
    </ClCompile>
    <ClCompile Include="Source\Mappers\ColonialTag.cpp">
      <Filter>Mappers</Filter>
    </ClCompile>
    <ClCompile Include="Source\V2World\Factory\V2FactoryTechLoader.cpp">
      <Filter>Vic2World\Factory</Filter>
    </ClCompile>
    <ClCompile Include="Source\V2World\Factory\V2FactoryInventionEffect.cpp">
      <Filter>Vic2World\Factory</Filter>
    </ClCompile>
    <ClCompile Include="Source\V2World\Factory\V2FactoryInventionLoader.cpp">
      <Filter>Vic2World\Factory</Filter>
    </ClCompile>
    <ClCompile Include="Source\V2World\Factory\V2FactoryTypeInputs.cpp">
      <Filter>Vic2World\Factory</Filter>
    </ClCompile>
    <ClCompile Include="Source\V2World\Factory\V2FactoryType.cpp">
      <Filter>Vic2World\Factory</Filter>
    </ClCompile>
    <ClCompile Include="Source\V2World\Factory\V2FactoryTypeLoader.cpp">
      <Filter>Vic2World\Factory</Filter>
    </ClCompile>
    <ClCompile Include="Source\V2World\Factory\V2FactoryStartingCounts.cpp">
      <Filter>Vic2World\Factory</Filter>
    </ClCompile>
    <ClCompile Include="Source\V2World\Factory\V2Factory.cpp">
      <Filter>Vic2World\Factory</Filter>
    </ClCompile>
    <ClCompile Include="Source\V2World\Factory\V2FactoryFactory.cpp">
      <Filter>Vic2World\Factory</Filter>
    </ClCompile>
    <ClCompile Include="Source\V2World\Factory\V2FactoryTechDetails.cpp">
      <Filter>Vic2World\Factory</Filter>
    </ClCompile>
    <ClCompile Include="Source\V2World\Factory\V2FactoryTech.cpp">
      <Filter>Vic2World\Factory</Filter>
    </ClCompile>
    <ClCompile Include="Source\V2World\Factory\V2FactoryInventionDetails.cpp">
      <Filter>Vic2World\Factory</Filter>
    </ClCompile>
    <ClCompile Include="Source\V2World\Factory\V2FactoryInvention.cpp">
      <Filter>Vic2World\Factory</Filter>
    </ClCompile>
    <ClCompile Include="Source\V2World\Leader\V2LeaderTraitTypes.cpp">
      <Filter>Vic2World\Leader</Filter>
    </ClCompile>
    <ClCompile Include="Source\V2World\Leader\V2LeaderTrait.cpp">
      <Filter>Vic2World\Leader</Filter>
    </ClCompile>
    <ClCompile Include="Source\V2World\Leader\V2Leader.cpp">
      <Filter>Vic2World\Leader</Filter>
    </ClCompile>
    <ClCompile Include="Source\EU4World\History\CountryHistory.cpp">
      <Filter>EU4World\History</Filter>
    </ClCompile>
    <ClCompile Include="Source\EU4World\Leader\EU4Leader.cpp">
      <Filter>EU4World\Leader</Filter>
    </ClCompile>
    <ClCompile Include="Source\EU4World\History\CountryHistoryDate.cpp">
      <Filter>EU4World\History</Filter>
    </ClCompile>
    <ClCompile Include="Source\V2World\Leader\V2LeaderTraitMapper.cpp">
      <Filter>Vic2World\Leader</Filter>
    </ClCompile>
    <ClCompile Include="Source\V2World\RGORandomization\Bucket.cpp">
      <Filter>Vic2World\RGORandomization</Filter>
    </ClCompile>
    <ClCompile Include="Source\V2World\RGORandomization\BucketList.cpp">
      <Filter>Vic2World\RGORandomization</Filter>
    </ClCompile>
  </ItemGroup>
  <ItemGroup>
    <ClInclude Include="Source\Configuration.h" />
    <ClInclude Include="Source\EU4ToVic2Converter.h" />
    <ClInclude Include="Source\FlagUtils.h" />
    <ClInclude Include="Source\targa.h" />
    <ClInclude Include="Source\Mappers\AdjacencyMapper.h">
      <Filter>Mappers</Filter>
    </ClInclude>
    <ClInclude Include="Source\EU4World\Regions\Area.h">
      <Filter>EU4World\Regions</Filter>
    </ClInclude>
    <ClInclude Include="Source\EU4World\Regions\AreaNames.h">
      <Filter>EU4World\Regions</Filter>
    </ClInclude>
    <ClInclude Include="Source\EU4World\Regions\Areas.h">
      <Filter>EU4World\Regions</Filter>
    </ClInclude>
    <ClInclude Include="Source\V2World\BlockedTechSchools.h">
      <Filter>Vic2World</Filter>
    </ClInclude>
    <ClInclude Include="Source\Mappers\CK2TitleMapper.h">
      <Filter>Mappers</Filter>
    </ClInclude>
    <ClInclude Include="Source\EU4World\ColonialRegions.h">
      <Filter>EU4World</Filter>
    </ClInclude>
    <ClInclude Include="Source\Mappers\ColonialTagsMapper.h">
      <Filter>Mappers</Filter>
    </ClInclude>
    <ClInclude Include="Source\Mappers\ColonyFlagsetMapper.h">
      <Filter>Mappers</Filter>
    </ClInclude>
    <ClInclude Include="..\common_items\CardinalToOrdinal.h">
      <Filter>CommonItems</Filter>
    </ClInclude>
    <ClInclude Include="..\common_items\Color.h">
      <Filter>CommonItems</Filter>
    </ClInclude>
    <ClInclude Include="Source\EU4World\Continents.h">
      <Filter>EU4World</Filter>
    </ClInclude>
    <ClInclude Include="Source\EU4World\Countries.h">
      <Filter>EU4World</Filter>
    </ClInclude>
    <ClInclude Include="Source\Mappers\CountryMapping.h">
      <Filter>Mappers</Filter>
    </ClInclude>
    <ClInclude Include="Source\EU4World\CultureGroups.h">
      <Filter>EU4World</Filter>
    </ClInclude>
    <ClInclude Include="Source\Mappers\CultureMapper.h">
      <Filter>Mappers</Filter>
    </ClInclude>
    <ClInclude Include="Source\Mappers\CultureMapping.h">
      <Filter>Mappers</Filter>
    </ClInclude>
    <ClInclude Include="Source\Mappers\CultureMappingRule.h">
      <Filter>Mappers</Filter>
    </ClInclude>
    <ClInclude Include="..\common_items\Date.h">
      <Filter>CommonItems</Filter>
    </ClInclude>
    <ClInclude Include="Source\EU4World\EU4Country.h">
      <Filter>EU4World</Filter>
    </ClInclude>
    <ClInclude Include="Source\EU4World\EU4Diplomacy.h">
      <Filter>EU4World</Filter>
    </ClInclude>
    <ClInclude Include="Source\EU4World\EU4Localisation.h">
      <Filter>EU4World</Filter>
    </ClInclude>
    <ClInclude Include="Source\EU4World\EU4Relations.h">
      <Filter>EU4World</Filter>
    </ClInclude>
    <ClInclude Include="Source\EU4World\EU4Version.h">
      <Filter>EU4World</Filter>
    </ClInclude>
    <ClInclude Include="Source\Mappers\FlagColorMapper.h">
      <Filter>Mappers</Filter>
    </ClInclude>
    <ClInclude Include="Source\Mappers\GovernmentMapper.h">
      <Filter>Mappers</Filter>
    </ClInclude>
    <ClInclude Include="Source\EU4World\ID.h">
      <Filter>EU4World</Filter>
    </ClInclude>
    <ClInclude Include="..\common_items\Log.h">
      <Filter>CommonItems</Filter>
    </ClInclude>
    <ClInclude Include="Source\Mappers\MinorityPopMapper.h">
      <Filter>Mappers</Filter>
    </ClInclude>
    <ClInclude Include="..\common_items\newParser.h">
      <Filter>CommonItems</Filter>
    </ClInclude>
    <ClInclude Include="..\common_items\NewParserToOldParserConverters.h">
      <Filter>CommonItems</Filter>
    </ClInclude>
    <ClInclude Include="..\common_items\Object.h">
      <Filter>CommonItems</Filter>
    </ClInclude>
    <ClInclude Include="..\common_items\OSCompatibilityLayer.h">
      <Filter>CommonItems</Filter>
    </ClInclude>
    <ClInclude Include="..\common_items\ParadoxParser8859_15.h">
      <Filter>CommonItems</Filter>
    </ClInclude>
    <ClInclude Include="..\common_items\ParadoxParserUTF8.h">
      <Filter>CommonItems</Filter>
    </ClInclude>
    <ClInclude Include="..\common_items\ParserHelpers.h">
      <Filter>CommonItems</Filter>
    </ClInclude>
    <ClInclude Include="Source\EU4World\Regions\Regions.h">
      <Filter>EU4World\Regions</Filter>
    </ClInclude>
    <ClInclude Include="Source\EU4World\Regions\Region.h">
      <Filter>EU4World\Regions</Filter>
    </ClInclude>
    <ClInclude Include="Source\Mappers\ReligionMapper.h">
      <Filter>Mappers</Filter>
    </ClInclude>
    <ClInclude Include="Source\V2World\StateMapper.h">
      <Filter>Mappers</Filter>
    </ClInclude>
    <ClInclude Include="Source\V2World\V2Army.h">
      <Filter>Vic2World</Filter>
    </ClInclude>
    <ClInclude Include="Source\V2World\V2Country.h">
      <Filter>Vic2World</Filter>
    </ClInclude>
    <ClInclude Include="Source\V2World\V2Creditor.h">
      <Filter>Vic2World</Filter>
    </ClInclude>
    <ClInclude Include="Source\V2World\V2Diplomacy.h">
      <Filter>Vic2World</Filter>
    </ClInclude>
    <ClInclude Include="Source\V2World\V2Flags.h">
      <Filter>Vic2World</Filter>
    </ClInclude>
    <ClInclude Include="Source\V2World\V2Localisation.h">
      <Filter>Vic2World</Filter>
    </ClInclude>
    <ClInclude Include="Source\V2World\V2Party.h">
      <Filter>Vic2World</Filter>
    </ClInclude>
    <ClInclude Include="Source\V2World\V2Pop.h">
      <Filter>Vic2World</Filter>
    </ClInclude>
    <ClInclude Include="Source\V2World\V2Province.h">
      <Filter>Vic2World</Filter>
    </ClInclude>
    <ClInclude Include="Source\V2World\V2Reforms.h">
      <Filter>Vic2World</Filter>
    </ClInclude>
    <ClInclude Include="Source\V2World\V2Relations.h">
      <Filter>Vic2World</Filter>
    </ClInclude>
    <ClInclude Include="Source\V2World\V2State.h">
      <Filter>Vic2World</Filter>
    </ClInclude>
    <ClInclude Include="Source\V2World\V2TechSchools.h">
      <Filter>Vic2World</Filter>
    </ClInclude>
    <ClInclude Include="Source\V2World\V2World.h">
      <Filter>Vic2World</Filter>
    </ClInclude>
    <ClInclude Include="Source\V2World\Vic2CultureUnion.h">
      <Filter>Vic2World</Filter>
    </ClInclude>
    <ClInclude Include="Source\V2World\Vic2CultureUnionMapper.h">
      <Filter>Vic2World</Filter>
    </ClInclude>
    <ClInclude Include="Source\V2World\Vic2Regions.h">
      <Filter>Vic2World</Filter>
    </ClInclude>
    <ClInclude Include="Source\V2World\Vic2TechSchool.h">
      <Filter>Vic2World</Filter>
    </ClInclude>
    <ClInclude Include="Source\EU4World\World.h">
      <Filter>EU4World</Filter>
    </ClInclude>
    <ClInclude Include="Source\Mappers\ReligionMapping.h">
      <Filter>Mappers</Filter>
    </ClInclude>
    <ClInclude Include="Source\EU4World\Religions\Religion.h">
      <Filter>EU4World\Religions</Filter>
    </ClInclude>
    <ClInclude Include="Source\EU4World\Religions\ReligionGroup.h">
      <Filter>EU4World\Religions</Filter>
    </ClInclude>
    <ClInclude Include="Source\EU4World\Religions\Religions.h">
      <Filter>EU4World\Religions</Filter>
    </ClInclude>
    <ClInclude Include="Source\EU4World\Provinces\GreatProjects.h">
      <Filter>EU4World\Provinces</Filter>
    </ClInclude>
    <ClInclude Include="Source\EU4World\Provinces\DateItem.h">
      <Filter>EU4World\Provinces</Filter>
    </ClInclude>
    <ClInclude Include="Source\EU4World\Provinces\DateItems.h">
      <Filter>EU4World\Provinces</Filter>
    </ClInclude>
    <ClInclude Include="Source\EU4World\Provinces\EU4Province.h">
      <Filter>EU4World\Provinces</Filter>
    </ClInclude>
    <ClInclude Include="Source\EU4World\Provinces\PopRatio.h">
      <Filter>EU4World\Provinces</Filter>
    </ClInclude>
    <ClInclude Include="Source\EU4World\Provinces\ProvinceHistory.h">
      <Filter>EU4World\Provinces</Filter>
    </ClInclude>
    <ClInclude Include="Source\EU4World\Provinces\Provinces.h">
      <Filter>EU4World\Provinces</Filter>
    </ClInclude>
    <ClInclude Include="Source\Mappers\ProvinceMappings\ProvinceMapping.h">
      <Filter>Mappers\ProvinceMappings</Filter>
    </ClInclude>
    <ClInclude Include="Source\Mappers\ProvinceMappings\ProvinceMappingsVersion.h">
      <Filter>Mappers\ProvinceMappings</Filter>
    </ClInclude>
    <ClInclude Include="Source\Mappers\ProvinceMappings\ProvinceMapper.h">
      <Filter>Mappers\ProvinceMappings</Filter>
    </ClInclude>
    <ClInclude Include="Source\EU4World\Mods\Mod.h">
      <Filter>EU4World\Mods</Filter>
    </ClInclude>
    <ClInclude Include="Source\EU4World\Mods\Mods.h">
      <Filter>EU4World\Mods</Filter>
    </ClInclude>
    <ClInclude Include="Source\Helpers\TechValues.h">
      <Filter>Helpers</Filter>
    </ClInclude>
    <ClInclude Include="Source\Mappers\Ideas\IdeaEffects.h">
      <Filter>Mappers\Ideas</Filter>
    </ClInclude>
    <ClInclude Include="Source\Mappers\Ideas\IdeaEffectMapper.h">
      <Filter>Mappers\Ideas</Filter>
    </ClInclude>
    <ClInclude Include="Source\EU4World\Provinces\ProvinceStats.h">
      <Filter>EU4World\Provinces</Filter>
    </ClInclude>
    <ClInclude Include="Source\EU4World\Provinces\ProvinceBuildings.h">
      <Filter>EU4World\Provinces</Filter>
    </ClInclude>
    <ClInclude Include="Source\EU4World\Buildings\Building.h">
      <Filter>EU4World\Buildings</Filter>
    </ClInclude>
    <ClInclude Include="Source\EU4World\Buildings\Buildings.h">
      <Filter>EU4World\Buildings</Filter>
    </ClInclude>
    <ClInclude Include="Source\EU4World\Modifiers\Modifier.h">
      <Filter>EU4World\Modifiers</Filter>
    </ClInclude>
    <ClInclude Include="Source\EU4World\Modifiers\Modifiers.h">
      <Filter>EU4World\Modifiers</Filter>
    </ClInclude>
    <ClInclude Include="Source\EU4World\Provinces\ProvinceModifier.h">
      <Filter>EU4World\Provinces</Filter>
    </ClInclude>
    <ClInclude Include="Source\EU4World\Provinces\BuildingWeightEffects.h">
      <Filter>EU4World\Provinces</Filter>
    </ClInclude>
    <ClInclude Include="Source\Mappers\Ideas\TechGroups.h">
      <Filter>Mappers\Ideas</Filter>
    </ClInclude>
    <ClInclude Include="Source\Mappers\Ideas\TechGroupsMapper.h">
      <Filter>Mappers\Ideas</Filter>
    </ClInclude>
    <ClInclude Include="Source\V2World\V2UncivReforms.h">
      <Filter>Vic2World</Filter>
    </ClInclude>
    <ClInclude Include="Source\EU4World\Country\EU4ReformsSection.h">
      <Filter>EU4World\Country</Filter>
    </ClInclude>
    <ClInclude Include="Source\EU4World\Country\EU4ReformStackSection.h">
      <Filter>EU4World\Country</Filter>
    </ClInclude>
    <ClInclude Include="Source\EU4World\Country\EU4GovernmentSection.h">
      <Filter>EU4World\Country</Filter>
    </ClInclude>
    <ClInclude Include="..\common_items\StringUtils.h">
      <Filter>CommonItems</Filter>
    </ClInclude>
    <ClInclude Include="Source\EU4World\Country\EU4NationalSymbol.h">
      <Filter>EU4World\Country</Filter>
    </ClInclude>
    <ClInclude Include="Source\EU4World\Country\EU4CustomColors.h">
      <Filter>EU4World\Country</Filter>
    </ClInclude>
    <ClInclude Include="Source\Mappers\PartyName.h">
      <Filter>Mappers</Filter>
    </ClInclude>
    <ClInclude Include="Source\Mappers\PartyNameMapper.h">
      <Filter>Mappers</Filter>
    </ClInclude>
    <ClInclude Include="Source\Mappers\MinorityPop.h">
      <Filter>Mappers</Filter>
    </ClInclude>
    <ClInclude Include="Source\EU4World\Army\EU4Army.h">
      <Filter>EU4World\Army</Filter>
    </ClInclude>
    <ClInclude Include="Source\EU4World\Army\EU4Regiment.h">
      <Filter>EU4World\Army</Filter>
    </ClInclude>
    <ClInclude Include="Source\Mappers\UnitTypeMapper.h">
      <Filter>Mappers</Filter>
    </ClInclude>
    <ClInclude Include="Source\Mappers\UnitType.h">
      <Filter>Mappers</Filter>
    </ClInclude>
    <ClInclude Include="Source\Mappers\ColonialTag.h">
      <Filter>Mappers</Filter>
    </ClInclude>
    <ClInclude Include="Source\V2World\Factory\V2FactoryTechLoader.h">
      <Filter>Vic2World\Factory</Filter>
    </ClInclude>
    <ClInclude Include="Source\V2World\Factory\V2FactoryInventionEffect.h">
      <Filter>Vic2World\Factory</Filter>
    </ClInclude>
    <ClInclude Include="Source\V2World\Factory\V2FactoryInventionLoader.h">
      <Filter>Vic2World\Factory</Filter>
    </ClInclude>
    <ClInclude Include="Source\V2World\Factory\V2FactoryTypeInputs.h">
      <Filter>Vic2World\Factory</Filter>
    </ClInclude>
    <ClInclude Include="Source\V2World\Factory\V2FactoryType.h">
      <Filter>Vic2World\Factory</Filter>
    </ClInclude>
    <ClInclude Include="Source\V2World\Factory\V2FactoryTypeLoader.h">
      <Filter>Vic2World\Factory</Filter>
    </ClInclude>
    <ClInclude Include="Source\V2World\Factory\V2FactoryStartingCounts.h">
      <Filter>Vic2World\Factory</Filter>
    </ClInclude>
    <ClInclude Include="Source\V2World\Factory\V2Factory.h">
      <Filter>Vic2World\Factory</Filter>
    </ClInclude>
    <ClInclude Include="Source\V2World\Factory\V2FactoryFactory.h">
      <Filter>Vic2World\Factory</Filter>
    </ClInclude>
    <ClInclude Include="Source\V2World\Factory\V2FactoryTechDetails.h">
      <Filter>Vic2World\Factory</Filter>
    </ClInclude>
    <ClInclude Include="Source\V2World\Factory\V2FactoryTech.h">
      <Filter>Vic2World\Factory</Filter>
    </ClInclude>
    <ClInclude Include="Source\V2World\Factory\V2FactoryInventionDetails.h">
      <Filter>Vic2World\Factory</Filter>
    </ClInclude>
    <ClInclude Include="Source\V2World\Factory\V2FactoryInvention.h">
      <Filter>Vic2World\Factory</Filter>
    </ClInclude>
    <ClInclude Include="Source\V2World\Leader\V2LeaderTraitTypes.h">
      <Filter>Vic2World\Leader</Filter>
    </ClInclude>
    <ClInclude Include="Source\V2World\Leader\V2LeaderTrait.h">
      <Filter>Vic2World\Leader</Filter>
    </ClInclude>
    <ClInclude Include="Source\V2World\Leader\V2Leader.h">
      <Filter>Vic2World\Leader</Filter>
    </ClInclude>
    <ClInclude Include="Source\EU4World\History\CountryHistory.h">
      <Filter>EU4World\History</Filter>
    </ClInclude>
    <ClInclude Include="Source\EU4World\Leader\EU4Leader.h">
      <Filter>EU4World\Leader</Filter>
    </ClInclude>
    <ClInclude Include="Source\EU4World\History\CountryHistoryDate.h">
      <Filter>EU4World\History</Filter>
    </ClInclude>
    <ClInclude Include="Source\V2World\Leader\V2LeaderTraitMapper.h">
      <Filter>Vic2World\Leader</Filter>
    </ClInclude>
    <ClInclude Include="Source\V2World\RGORandomization\Bucket.h">
      <Filter>Vic2World\RGORandomization</Filter>
    </ClInclude>
    <ClInclude Include="Source\V2World\RGORandomization\BucketList.h">
      <Filter>Vic2World\RGORandomization</Filter>
    </ClInclude>
  </ItemGroup>
  <ItemGroup>
    <Filter Include="EU4World">
      <UniqueIdentifier>{1c4738b1-ae86-48d8-b793-d46251e6f372}</UniqueIdentifier>
    </Filter>
    <Filter Include="Mappers">
      <UniqueIdentifier>{bf826ab7-8ea4-4e55-9e01-15ed547a428e}</UniqueIdentifier>
    </Filter>
    <Filter Include="EU4World\Regions">
      <UniqueIdentifier>{bb9e2660-cfab-4a48-9a11-aa867dddd782}</UniqueIdentifier>
    </Filter>
    <Filter Include="Vic2World">
      <UniqueIdentifier>{54d664c9-6ab6-495c-860c-285dad122e46}</UniqueIdentifier>
    </Filter>
    <Filter Include="CommonItems">
      <UniqueIdentifier>{92d9302b-67c1-46ea-9493-b56e75598574}</UniqueIdentifier>
    </Filter>
    <Filter Include="EU4World\Provinces">
      <UniqueIdentifier>{865578c6-52ac-4ef0-8dc1-c168b677508a}</UniqueIdentifier>
    </Filter>
    <Filter Include="EU4World\Religions">
      <UniqueIdentifier>{b12cccd6-fb02-48ec-b222-df16d98da75e}</UniqueIdentifier>
    </Filter>
    <Filter Include="Mappers\ProvinceMappings">
      <UniqueIdentifier>{5e9fdef6-9a6f-4ec5-bd98-cc22aedc71ee}</UniqueIdentifier>
    </Filter>
    <Filter Include="EU4World\Mods">
      <UniqueIdentifier>{5cf7770c-c44d-44fd-864a-e3ae2fc9fe43}</UniqueIdentifier>
    </Filter>
    <Filter Include="Helpers">
      <UniqueIdentifier>{ef5e0061-2ce9-448e-9f80-9fa52991faf9}</UniqueIdentifier>
    </Filter>
    <Filter Include="Mappers\Ideas">
      <UniqueIdentifier>{7850fd15-b418-4718-b0f5-e2a1ea86e33a}</UniqueIdentifier>
    </Filter>
    <Filter Include="EU4World\Buildings">
      <UniqueIdentifier>{fde1ad41-feef-4ca6-b1f2-d36c2a0849d9}</UniqueIdentifier>
    </Filter>
    <Filter Include="EU4World\Modifiers">
      <UniqueIdentifier>{a148c2bc-522b-45d5-9087-5f5b840c943f}</UniqueIdentifier>
    </Filter>
    <Filter Include="EU4World\Country">
      <UniqueIdentifier>{0eaaaa58-d93f-4f51-a6fe-dce31727ca87}</UniqueIdentifier>
    </Filter>
    <Filter Include="EU4World\Army">
      <UniqueIdentifier>{f97aeea8-0988-49af-9fcb-15d4302eb844}</UniqueIdentifier>
    </Filter>
    <Filter Include="Vic2World\Factory">
      <UniqueIdentifier>{88c08173-47e0-48fd-ae63-80362aae21ed}</UniqueIdentifier>
    </Filter>
    <Filter Include="Vic2World\Leader">
      <UniqueIdentifier>{e833b88c-161a-440a-a101-534515a4c503}</UniqueIdentifier>
    </Filter>
    <Filter Include="EU4World\History">
      <UniqueIdentifier>{f1bc5627-0c41-42d9-9cb3-66924c260cea}</UniqueIdentifier>
    </Filter>
    <Filter Include="EU4World\Leader">
      <UniqueIdentifier>{cad4ad12-a780-4d35-bce5-cfa1c1b23f89}</UniqueIdentifier>
    </Filter>
    <Filter Include="Vic2World\RGORandomization">
      <UniqueIdentifier>{c2a72362-f9f1-46ba-9af1-ea88983f295c}</UniqueIdentifier>
    </Filter>
  </ItemGroup>
</Project>