<?xml version="1.0" encoding="utf-8"?>
<Project ToolsVersion="4.0" xmlns="http://schemas.microsoft.com/developer/msbuild/2003">
  <ItemGroup>
    <ClCompile Include="Source\Configuration.cpp" />
    <ClCompile Include="Source\EU4toV2Converter.cpp" />
    <ClCompile Include="Source\FlagUtils.cpp" />
    <ClCompile Include="Source\main.cpp" />
    <ClCompile Include="Source\targa.cpp" />
    <ClCompile Include="Source\EU4World\Regions\Area.cpp">
      <Filter>EU4World\Regions</Filter>
    </ClCompile>
    <ClCompile Include="Source\EU4World\Regions\AreaNames.cpp">
      <Filter>EU4World\Regions</Filter>
    </ClCompile>
    <ClCompile Include="Source\EU4World\Regions\Areas.cpp">
      <Filter>EU4World\Regions</Filter>
    </ClCompile>
    <ClCompile Include="..\common_items\CommonUtils.cpp">
      <Filter>CommonItems</Filter>
    </ClCompile>
    <ClCompile Include="..\common_items\CardinalToOrdinal.cpp">
      <Filter>CommonItems</Filter>
    </ClCompile>
    <ClCompile Include="..\common_items\Color.cpp">
      <Filter>CommonItems</Filter>
    </ClCompile>
    <ClCompile Include="..\common_items\Date.cpp">
      <Filter>CommonItems</Filter>
    </ClCompile>
    <ClCompile Include="Source\EU4World\EU4Version.cpp">
      <Filter>EU4World</Filter>
    </ClCompile>
    <ClCompile Include="Source\EU4World\ID.cpp">
      <Filter>EU4World</Filter>
    </ClCompile>
    <ClCompile Include="..\common_items\Log.cpp">
      <Filter>CommonItems</Filter>
    </ClCompile>
    <ClCompile Include="..\common_items\newParser.cpp">
      <Filter>CommonItems</Filter>
    </ClCompile>
    <ClCompile Include="..\common_items\ParserHelpers.cpp">
      <Filter>CommonItems</Filter>
    </ClCompile>
    <ClCompile Include="Source\EU4World\Regions\Region.cpp">
      <Filter>EU4World\Regions</Filter>
    </ClCompile>
    <ClCompile Include="Source\EU4World\Regions\Regions.cpp">
      <Filter>EU4World\Regions</Filter>
    </ClCompile>
    <ClCompile Include="Source\V2World\V2Army.cpp">
      <Filter>Vic2World</Filter>
    </ClCompile>
    <ClCompile Include="Source\V2World\V2Country.cpp">
      <Filter>Vic2World</Filter>
    </ClCompile>
    <ClCompile Include="Source\V2World\V2Creditor.cpp">
      <Filter>Vic2World</Filter>
    </ClCompile>
    <ClCompile Include="Source\V2World\V2Diplomacy.cpp">
      <Filter>Vic2World</Filter>
    </ClCompile>
    <ClCompile Include="Source\V2World\V2Flags.cpp">
      <Filter>Vic2World</Filter>
    </ClCompile>
    <ClCompile Include="Source\V2World\V2Localisation.cpp">
      <Filter>Vic2World</Filter>
    </ClCompile>
    <ClCompile Include="Source\V2World\V2Pop.cpp">
      <Filter>Vic2World</Filter>
    </ClCompile>
    <ClCompile Include="Source\V2World\V2Province.cpp">
      <Filter>Vic2World</Filter>
    </ClCompile>
    <ClCompile Include="Source\V2World\V2Reforms.cpp">
      <Filter>Vic2World</Filter>
    </ClCompile>
    <ClCompile Include="Source\V2World\V2Relations.cpp">
      <Filter>Vic2World</Filter>
    </ClCompile>
    <ClCompile Include="Source\V2World\V2State.cpp">
      <Filter>Vic2World</Filter>
    </ClCompile>
    <ClCompile Include="Source\V2World\V2World.cpp">
      <Filter>Vic2World</Filter>
    </ClCompile>
    <ClCompile Include="Source\V2World\Vic2Regions.cpp">
      <Filter>Vic2World</Filter>
    </ClCompile>
    <ClCompile Include="..\common_items\WinUtils.cpp">
      <Filter>CommonItems</Filter>
    </ClCompile>
    <ClCompile Include="Source\EU4World\World.cpp">
      <Filter>EU4World</Filter>
    </ClCompile>
    <ClCompile Include="Source\EU4World\Religions\Religion.cpp">
      <Filter>EU4World\Religions</Filter>
    </ClCompile>
    <ClCompile Include="Source\EU4World\Religions\ReligionGroup.cpp">
      <Filter>EU4World\Religions</Filter>
    </ClCompile>
    <ClCompile Include="Source\EU4World\Religions\Religions.cpp">
      <Filter>EU4World\Religions</Filter>
    </ClCompile>
    <ClCompile Include="Source\EU4World\Provinces\DateItems.cpp">
      <Filter>EU4World\Provinces</Filter>
    </ClCompile>
    <ClCompile Include="Source\EU4World\Provinces\EU4Province.cpp">
      <Filter>EU4World\Provinces</Filter>
    </ClCompile>
    <ClCompile Include="Source\EU4World\Provinces\PopRatio.cpp">
      <Filter>EU4World\Provinces</Filter>
    </ClCompile>
    <ClCompile Include="Source\EU4World\Provinces\ProvinceHistory.cpp">
      <Filter>EU4World\Provinces</Filter>
    </ClCompile>
    <ClCompile Include="Source\EU4World\Provinces\Provinces.cpp">
      <Filter>EU4World\Provinces</Filter>
    </ClCompile>
    <ClCompile Include="Source\Mappers\ProvinceMappings\ProvinceMapping.cpp">
      <Filter>Mappers\ProvinceMappings</Filter>
    </ClCompile>
    <ClCompile Include="Source\Mappers\ProvinceMappings\ProvinceMappingsVersion.cpp">
      <Filter>Mappers\ProvinceMappings</Filter>
    </ClCompile>
    <ClCompile Include="Source\Mappers\ProvinceMappings\ProvinceMapper.cpp">
      <Filter>Mappers\ProvinceMappings</Filter>
    </ClCompile>
    <ClCompile Include="Source\EU4World\Mods\Mod.cpp">
      <Filter>EU4World\Mods</Filter>
    </ClCompile>
    <ClCompile Include="Source\EU4World\Mods\Mods.cpp">
      <Filter>EU4World\Mods</Filter>
    </ClCompile>
    <ClCompile Include="Source\Helpers\TechValues.cpp">
      <Filter>Helpers</Filter>
    </ClCompile>
    <ClCompile Include="Source\Mappers\Ideas\IdeaEffects.cpp">
      <Filter>Mappers\Ideas</Filter>
    </ClCompile>
    <ClCompile Include="Source\Mappers\Ideas\IdeaEffectMapper.cpp">
      <Filter>Mappers\Ideas</Filter>
    </ClCompile>
    <ClCompile Include="Source\EU4World\Provinces\ProvinceBuildings.cpp">
      <Filter>EU4World\Provinces</Filter>
    </ClCompile>
    <ClCompile Include="Source\EU4World\Modifiers\Modifier.cpp">
      <Filter>EU4World\Modifiers</Filter>
    </ClCompile>
    <ClCompile Include="Source\EU4World\Modifiers\Modifiers.cpp">
      <Filter>EU4World\Modifiers</Filter>
    </ClCompile>
    <ClCompile Include="Source\EU4World\Provinces\ProvinceModifier.cpp">
      <Filter>EU4World\Provinces</Filter>
    </ClCompile>
    <ClCompile Include="Source\Mappers\Ideas\TechGroups.cpp">
      <Filter>Mappers\Ideas</Filter>
    </ClCompile>
    <ClCompile Include="Source\Mappers\Ideas\TechGroupsMapper.cpp">
      <Filter>Mappers\Ideas</Filter>
    </ClCompile>
    <ClCompile Include="Source\V2World\V2UncivReforms.cpp">
      <Filter>Vic2World</Filter>
    </ClCompile>
    <ClCompile Include="Source\EU4World\Country\EU4ReformStackSection.cpp">
      <Filter>EU4World\Country</Filter>
    </ClCompile>
    <ClCompile Include="Source\EU4World\Country\EU4GovernmentSection.cpp">
      <Filter>EU4World\Country</Filter>
    </ClCompile>
    <ClCompile Include="..\common_items\StringUtils.cpp">
      <Filter>CommonItems</Filter>
    </ClCompile>
    <ClCompile Include="Source\EU4World\Country\EU4NationalSymbol.cpp">
      <Filter>EU4World\Country</Filter>
    </ClCompile>
    <ClCompile Include="Source\EU4World\Country\EU4CustomColors.cpp">
      <Filter>EU4World\Country</Filter>
    </ClCompile>
    <ClCompile Include="Source\EU4World\Army\EU4Army.cpp">
      <Filter>EU4World\Army</Filter>
    </ClCompile>
    <ClCompile Include="Source\EU4World\Army\EU4Regiment.cpp">
      <Filter>EU4World\Army</Filter>
    </ClCompile>
    <ClCompile Include="Source\V2World\Factory\V2FactoryTechLoader.cpp">
      <Filter>Vic2World\Factory</Filter>
    </ClCompile>
    <ClCompile Include="Source\V2World\Factory\V2FactoryInventionEffect.cpp">
      <Filter>Vic2World\Factory</Filter>
    </ClCompile>
    <ClCompile Include="Source\V2World\Factory\V2FactoryInventionLoader.cpp">
      <Filter>Vic2World\Factory</Filter>
    </ClCompile>
    <ClCompile Include="Source\V2World\Factory\V2FactoryTypeInputs.cpp">
      <Filter>Vic2World\Factory</Filter>
    </ClCompile>
    <ClCompile Include="Source\V2World\Factory\V2FactoryType.cpp">
      <Filter>Vic2World\Factory</Filter>
    </ClCompile>
    <ClCompile Include="Source\V2World\Factory\V2FactoryTypeLoader.cpp">
      <Filter>Vic2World\Factory</Filter>
    </ClCompile>
    <ClCompile Include="Source\V2World\Factory\V2FactoryStartingCounts.cpp">
      <Filter>Vic2World\Factory</Filter>
    </ClCompile>
    <ClCompile Include="Source\V2World\Factory\V2Factory.cpp">
      <Filter>Vic2World\Factory</Filter>
    </ClCompile>
    <ClCompile Include="Source\V2World\Factory\V2FactoryFactory.cpp">
      <Filter>Vic2World\Factory</Filter>
    </ClCompile>
    <ClCompile Include="Source\V2World\Factory\V2FactoryTechDetails.cpp">
      <Filter>Vic2World\Factory</Filter>
    </ClCompile>
    <ClCompile Include="Source\V2World\Factory\V2FactoryTech.cpp">
      <Filter>Vic2World\Factory</Filter>
    </ClCompile>
    <ClCompile Include="Source\V2World\Factory\V2FactoryInventionDetails.cpp">
      <Filter>Vic2World\Factory</Filter>
    </ClCompile>
    <ClCompile Include="Source\V2World\Factory\V2FactoryInvention.cpp">
      <Filter>Vic2World\Factory</Filter>
    </ClCompile>
    <ClCompile Include="Source\V2World\Leader\V2LeaderTraitTypes.cpp">
      <Filter>Vic2World\Leader</Filter>
    </ClCompile>
    <ClCompile Include="Source\V2World\Leader\V2LeaderTrait.cpp">
      <Filter>Vic2World\Leader</Filter>
    </ClCompile>
    <ClCompile Include="Source\V2World\Leader\V2Leader.cpp">
      <Filter>Vic2World\Leader</Filter>
    </ClCompile>
    <ClCompile Include="Source\EU4World\History\CountryHistory.cpp">
      <Filter>EU4World\History</Filter>
    </ClCompile>
    <ClCompile Include="Source\EU4World\Leader\EU4Leader.cpp">
      <Filter>EU4World\Leader</Filter>
    </ClCompile>
    <ClCompile Include="Source\EU4World\History\CountryHistoryDate.cpp">
      <Filter>EU4World\History</Filter>
    </ClCompile>
    <ClCompile Include="Source\V2World\Leader\V2LeaderTraitMapper.cpp">
      <Filter>Vic2World\Leader</Filter>
    </ClCompile>
    <ClCompile Include="Source\V2World\RGORandomization\Bucket.cpp">
      <Filter>Vic2World\RGORandomization</Filter>
    </ClCompile>
    <ClCompile Include="Source\V2World\RGORandomization\BucketList.cpp">
      <Filter>Vic2World\RGORandomization</Filter>
    </ClCompile>
    <ClCompile Include="Source\V2World\Country\V2Party.cpp">
      <Filter>Vic2World\Country</Filter>
    </ClCompile>
    <ClCompile Include="Source\V2World\Country\V2Unreleasables.cpp">
      <Filter>Vic2World\Country</Filter>
    </ClCompile>
    <ClCompile Include="Source\EU4World\NationMerger\MergeBlock.cpp">
      <Filter>EU4World\NationMerger</Filter>
    </ClCompile>
    <ClCompile Include="Source\EU4World\NationMerger\NationMergeParser.cpp">
      <Filter>EU4World\NationMerger</Filter>
    </ClCompile>
    <ClCompile Include="Source\V2World\Pops\Pop.cpp">
      <Filter>Vic2World\Pops</Filter>
    </ClCompile>
    <ClCompile Include="Source\V2World\Pops\PopMapper.cpp">
      <Filter>Vic2World\Pops</Filter>
    </ClCompile>
    <ClCompile Include="Source\V2World\Map\BuildingPosition.cpp">
      <Filter>Vic2World\Map</Filter>
    </ClCompile>
    <ClCompile Include="Source\V2World\Map\MapProvince.cpp">
      <Filter>Vic2World\Map</Filter>
    </ClCompile>
    <ClCompile Include="Source\V2World\Map\NavalBase.cpp">
      <Filter>Vic2World\Map</Filter>
    </ClCompile>
    <ClCompile Include="Source\EU4World\Country\EU4Technology.cpp">
      <Filter>EU4World\Country</Filter>
    </ClCompile>
    <ClCompile Include="Source\EU4World\Country\EU4CountryFlags.cpp">
      <Filter>EU4World\Country</Filter>
    </ClCompile>
    <ClCompile Include="Source\EU4World\Country\EU4Modifier.cpp">
      <Filter>EU4World\Country</Filter>
    </ClCompile>
    <ClCompile Include="Source\EU4World\Relations\EU4RelationDetails.cpp">
      <Filter>EU4World\Relations</Filter>
    </ClCompile>
    <ClCompile Include="Source\EU4World\Relations\EU4Relations.cpp">
      <Filter>EU4World\Relations</Filter>
    </ClCompile>
    <ClCompile Include="Source\EU4World\Relations\EU4Empire.cpp">
      <Filter>EU4World\Relations</Filter>
    </ClCompile>
    <ClCompile Include="Source\EU4World\Diplomacy\EU4Agreement.cpp">
      <Filter>EU4World\Diplomacy</Filter>
    </ClCompile>
    <ClCompile Include="Source\EU4World\Diplomacy\EU4Diplomacy.cpp">
      <Filter>EU4World\Diplomacy</Filter>
    </ClCompile>
    <ClCompile Include="Source\EU4World\Country\EU4ActiveIdeas.cpp">
      <Filter>EU4World\Country</Filter>
    </ClCompile>
    <ClCompile Include="..\common_items\Object.cpp">
      <Filter>CommonItems</Filter>
    </ClCompile>
    <ClCompile Include="Source\V2World\Pops\PopTypes.cpp">
      <Filter>Vic2World\Pops</Filter>
    </ClCompile>
    <ClCompile Include="Source\EU4World\ColonialRegions\ColonialRegion.cpp">
      <Filter>EU4World\ColonialRegions</Filter>
    </ClCompile>
    <ClCompile Include="Source\EU4World\ColonialRegions\ColonialRegions.cpp">
      <Filter>EU4World\ColonialRegions</Filter>
    </ClCompile>
    <ClCompile Include="Source\EU4World\Country\Countries.cpp">
      <Filter>EU4World\Country</Filter>
    </ClCompile>
    <ClCompile Include="Source\EU4World\Country\EU4Country.cpp">
      <Filter>EU4World\Country</Filter>
    </ClCompile>
    <ClCompile Include="Source\Mappers\Buildings\Building.cpp">
      <Filter>Mappers\Buildings</Filter>
    </ClCompile>
    <ClCompile Include="Source\Mappers\Buildings\Buildings.cpp">
      <Filter>Mappers\Buildings</Filter>
    </ClCompile>
    <ClCompile Include="Source\Mappers\CultureGroups\Culture.cpp">
      <Filter>Mappers\CultureGroups</Filter>
    </ClCompile>
    <ClCompile Include="Source\Mappers\CultureGroups\CultureGroup.cpp">
      <Filter>Mappers\CultureGroups</Filter>
    </ClCompile>
    <ClCompile Include="Source\Mappers\CultureGroups\CultureGroups.cpp">
      <Filter>Mappers\CultureGroups</Filter>
    </ClCompile>
    <ClCompile Include="Source\EU4World\Localisation\EU4Localisation.cpp">
      <Filter>EU4World\Localisation</Filter>
    </ClCompile>
    <ClCompile Include="Source\Mappers\CK2Titles\CK2TitleMapper.cpp">
      <Filter>Mappers\CK2Titles</Filter>
    </ClCompile>
    <ClCompile Include="Source\Mappers\CK2Titles\TitleMapping.cpp">
      <Filter>Mappers\CK2Titles</Filter>
    </ClCompile>
    <ClCompile Include="Source\Mappers\CountryMappings\CountryMapping.cpp">
      <Filter>Mappers\CountryMappings</Filter>
    </ClCompile>
    <ClCompile Include="Source\Mappers\CountryMappings\CountryMappings.cpp">
      <Filter>Mappers\CountryMappings</Filter>
    </ClCompile>
    <ClCompile Include="Source\Mappers\Adjacency\AdjacencyMapper.cpp">
      <Filter>Mappers\Adjacency</Filter>
    </ClCompile>
    <ClCompile Include="Source\Mappers\Geography\ClimateMapper.cpp">
      <Filter>Mappers\Geography</Filter>
    </ClCompile>
    <ClCompile Include="Source\Mappers\Geography\Continents.cpp">
      <Filter>Mappers\Geography</Filter>
    </ClCompile>
    <ClCompile Include="Source\Mappers\Geography\TerrainDataMapper.cpp">
      <Filter>Mappers\Geography</Filter>
    </ClCompile>
    <ClCompile Include="Source\Mappers\ColonialTags\ColonialTag.cpp">
      <Filter>Mappers\ColonialTags</Filter>
    </ClCompile>
    <ClCompile Include="Source\Mappers\ColonialTags\ColonialTagsMapper.cpp">
      <Filter>Mappers\ColonialTags</Filter>
    </ClCompile>
    <ClCompile Include="Source\Mappers\ColonialFlags\ColonialFlag.cpp">
      <Filter>Mappers\ColonialFlags</Filter>
    </ClCompile>
    <ClCompile Include="Source\Mappers\ColonialFlags\ColonialFlagRegion.cpp">
      <Filter>Mappers\ColonialFlags</Filter>
    </ClCompile>
    <ClCompile Include="Source\Mappers\ColonialFlags\ColonialFlagsMapper.cpp">
      <Filter>Mappers\ColonialFlags</Filter>
    </ClCompile>
    <ClCompile Include="Source\Mappers\CultureMapper\CultureMapper.cpp">
      <Filter>Mappers\CultureMapper</Filter>
    </ClCompile>
    <ClCompile Include="Source\Mappers\CultureMapper\CultureMapping.cpp">
      <Filter>Mappers\CultureMapper</Filter>
    </ClCompile>
    <ClCompile Include="Source\Mappers\CultureMapper\CultureMappingRule.cpp">
      <Filter>Mappers\CultureMapper</Filter>
    </ClCompile>
    <ClCompile Include="Source\Mappers\FlagColors\FlagColorMapper.cpp">
      <Filter>Mappers\FlagColors</Filter>
    </ClCompile>
    <ClCompile Include="Source\Mappers\GovernmentMapper\GovernmentMapper.cpp">
      <Filter>Mappers\GovernmentMapper</Filter>
    </ClCompile>
    <ClCompile Include="Source\Mappers\MinorityPops\MinorityPop.cpp">
      <Filter>Mappers\MinorityPops</Filter>
    </ClCompile>
    <ClCompile Include="Source\Mappers\MinorityPops\MinorityPopMapper.cpp">
      <Filter>Mappers\MinorityPops</Filter>
    </ClCompile>
    <ClCompile Include="Source\Mappers\PartyNames\PartyName.cpp">
      <Filter>Mappers\PartyNames</Filter>
    </ClCompile>
    <ClCompile Include="Source\Mappers\PartyNames\PartyNameMapper.cpp">
      <Filter>Mappers\PartyNames</Filter>
    </ClCompile>
    <ClCompile Include="Source\Mappers\RegimentCosts\RegimentCostsMapper.cpp">
      <Filter>Mappers\RegimentCosts</Filter>
    </ClCompile>
    <ClCompile Include="Source\Mappers\ReligionMapper\ReligionMapper.cpp">
      <Filter>Mappers\ReligionMapper</Filter>
    </ClCompile>
    <ClCompile Include="Source\Mappers\ReligionMapper\ReligionMapping.cpp">
      <Filter>Mappers\ReligionMapper</Filter>
    </ClCompile>
    <ClCompile Include="Source\Mappers\UnitTypes\UnitType.cpp">
      <Filter>Mappers\UnitTypes</Filter>
    </ClCompile>
    <ClCompile Include="Source\Mappers\UnitTypes\UnitTypeMapper.cpp">
      <Filter>Mappers\UnitTypes</Filter>
    </ClCompile>
    <ClCompile Include="Source\Mappers\StateMapper\StateMapper.cpp">
      <Filter>Mappers\StateMapper</Filter>
    </ClCompile>
    <ClCompile Include="Source\Mappers\BlockedTechSchools\BlockedTechSchools.cpp">
      <Filter>Mappers\BlockedTechSchools</Filter>
    </ClCompile>
    <ClCompile Include="Source\Mappers\TechSchools\TechSchools.cpp">
      <Filter>Mappers\TechSchools</Filter>
    </ClCompile>
    <ClCompile Include="Source\Mappers\TechSchools\TechSchool.cpp">
      <Filter>Mappers\TechSchools</Filter>
    </ClCompile>
    <ClCompile Include="Source\Mappers\TechSchools\TechSchoolMapper.cpp">
      <Filter>Mappers\TechSchools</Filter>
    </ClCompile>
    <ClCompile Include="Source\Mappers\CulturalUnions\CulturalUnion.cpp">
      <Filter>Mappers\CulturalUnions</Filter>
    </ClCompile>
    <ClCompile Include="Source\Mappers\CulturalUnions\CulturalUnionMapper.cpp">
      <Filter>Mappers\CulturalUnions</Filter>
    </ClCompile>
  </ItemGroup>
  <ItemGroup>
    <ClInclude Include="Source\Configuration.h" />
    <ClInclude Include="Source\EU4ToVic2Converter.h" />
    <ClInclude Include="Source\FlagUtils.h" />
    <ClInclude Include="Source\targa.h" />
    <ClInclude Include="Source\EU4World\Regions\Area.h">
      <Filter>EU4World\Regions</Filter>
    </ClInclude>
    <ClInclude Include="Source\EU4World\Regions\AreaNames.h">
      <Filter>EU4World\Regions</Filter>
    </ClInclude>
    <ClInclude Include="Source\EU4World\Regions\Areas.h">
      <Filter>EU4World\Regions</Filter>
    </ClInclude>
    <ClInclude Include="..\common_items\CardinalToOrdinal.h">
      <Filter>CommonItems</Filter>
    </ClInclude>
    <ClInclude Include="..\common_items\Color.h">
      <Filter>CommonItems</Filter>
    </ClInclude>
    <ClInclude Include="..\common_items\Date.h">
      <Filter>CommonItems</Filter>
    </ClInclude>
    <ClInclude Include="Source\EU4World\EU4Version.h">
      <Filter>EU4World</Filter>
    </ClInclude>
    <ClInclude Include="Source\EU4World\ID.h">
      <Filter>EU4World</Filter>
    </ClInclude>
    <ClInclude Include="..\common_items\Log.h">
      <Filter>CommonItems</Filter>
    </ClInclude>
    <ClInclude Include="..\common_items\newParser.h">
      <Filter>CommonItems</Filter>
    </ClInclude>
    <ClInclude Include="..\common_items\OSCompatibilityLayer.h">
      <Filter>CommonItems</Filter>
    </ClInclude>
    <ClInclude Include="..\common_items\ParserHelpers.h">
      <Filter>CommonItems</Filter>
    </ClInclude>
    <ClInclude Include="Source\EU4World\Regions\Regions.h">
      <Filter>EU4World\Regions</Filter>
    </ClInclude>
    <ClInclude Include="Source\EU4World\Regions\Region.h">
      <Filter>EU4World\Regions</Filter>
    </ClInclude>
    <ClInclude Include="Source\V2World\V2Army.h">
      <Filter>Vic2World</Filter>
    </ClInclude>
    <ClInclude Include="Source\V2World\V2Country.h">
      <Filter>Vic2World</Filter>
    </ClInclude>
    <ClInclude Include="Source\V2World\V2Creditor.h">
      <Filter>Vic2World</Filter>
    </ClInclude>
    <ClInclude Include="Source\V2World\V2Diplomacy.h">
      <Filter>Vic2World</Filter>
    </ClInclude>
    <ClInclude Include="Source\V2World\V2Flags.h">
      <Filter>Vic2World</Filter>
    </ClInclude>
    <ClInclude Include="Source\V2World\V2Localisation.h">
      <Filter>Vic2World</Filter>
    </ClInclude>
    <ClInclude Include="Source\V2World\V2Pop.h">
      <Filter>Vic2World</Filter>
    </ClInclude>
    <ClInclude Include="Source\V2World\V2Province.h">
      <Filter>Vic2World</Filter>
    </ClInclude>
    <ClInclude Include="Source\V2World\V2Reforms.h">
      <Filter>Vic2World</Filter>
    </ClInclude>
    <ClInclude Include="Source\V2World\V2Relations.h">
      <Filter>Vic2World</Filter>
    </ClInclude>
    <ClInclude Include="Source\V2World\V2State.h">
      <Filter>Vic2World</Filter>
    </ClInclude>
    <ClInclude Include="Source\V2World\V2World.h">
      <Filter>Vic2World</Filter>
    </ClInclude>
    <ClInclude Include="Source\V2World\Vic2Regions.h">
      <Filter>Vic2World</Filter>
    </ClInclude>
    <ClInclude Include="Source\EU4World\World.h">
      <Filter>EU4World</Filter>
    </ClInclude>
    <ClInclude Include="Source\EU4World\Religions\Religion.h">
      <Filter>EU4World\Religions</Filter>
    </ClInclude>
    <ClInclude Include="Source\EU4World\Religions\ReligionGroup.h">
      <Filter>EU4World\Religions</Filter>
    </ClInclude>
    <ClInclude Include="Source\EU4World\Religions\Religions.h">
      <Filter>EU4World\Religions</Filter>
    </ClInclude>
    <ClInclude Include="Source\EU4World\Provinces\DateItems.h">
      <Filter>EU4World\Provinces</Filter>
    </ClInclude>
    <ClInclude Include="Source\EU4World\Provinces\EU4Province.h">
      <Filter>EU4World\Provinces</Filter>
    </ClInclude>
    <ClInclude Include="Source\EU4World\Provinces\PopRatio.h">
      <Filter>EU4World\Provinces</Filter>
    </ClInclude>
    <ClInclude Include="Source\EU4World\Provinces\ProvinceHistory.h">
      <Filter>EU4World\Provinces</Filter>
    </ClInclude>
    <ClInclude Include="Source\EU4World\Provinces\Provinces.h">
      <Filter>EU4World\Provinces</Filter>
    </ClInclude>
    <ClInclude Include="Source\Mappers\ProvinceMappings\ProvinceMapping.h">
      <Filter>Mappers\ProvinceMappings</Filter>
    </ClInclude>
    <ClInclude Include="Source\Mappers\ProvinceMappings\ProvinceMappingsVersion.h">
      <Filter>Mappers\ProvinceMappings</Filter>
    </ClInclude>
    <ClInclude Include="Source\Mappers\ProvinceMappings\ProvinceMapper.h">
      <Filter>Mappers\ProvinceMappings</Filter>
    </ClInclude>
    <ClInclude Include="Source\EU4World\Mods\Mod.h">
      <Filter>EU4World\Mods</Filter>
    </ClInclude>
    <ClInclude Include="Source\EU4World\Mods\Mods.h">
      <Filter>EU4World\Mods</Filter>
    </ClInclude>
    <ClInclude Include="Source\Helpers\TechValues.h">
      <Filter>Helpers</Filter>
    </ClInclude>
    <ClInclude Include="Source\Mappers\Ideas\IdeaEffects.h">
      <Filter>Mappers\Ideas</Filter>
    </ClInclude>
    <ClInclude Include="Source\Mappers\Ideas\IdeaEffectMapper.h">
      <Filter>Mappers\Ideas</Filter>
    </ClInclude>
    <ClInclude Include="Source\EU4World\Provinces\ProvinceStats.h">
      <Filter>EU4World\Provinces</Filter>
    </ClInclude>
    <ClInclude Include="Source\EU4World\Provinces\ProvinceBuildings.h">
      <Filter>EU4World\Provinces</Filter>
    </ClInclude>
    <ClInclude Include="Source\EU4World\Modifiers\Modifier.h">
      <Filter>EU4World\Modifiers</Filter>
    </ClInclude>
    <ClInclude Include="Source\EU4World\Modifiers\Modifiers.h">
      <Filter>EU4World\Modifiers</Filter>
    </ClInclude>
    <ClInclude Include="Source\EU4World\Provinces\ProvinceModifier.h">
      <Filter>EU4World\Provinces</Filter>
    </ClInclude>
    <ClInclude Include="Source\EU4World\Provinces\BuildingWeightEffects.h">
      <Filter>EU4World\Provinces</Filter>
    </ClInclude>
    <ClInclude Include="Source\Mappers\Ideas\TechGroups.h">
      <Filter>Mappers\Ideas</Filter>
    </ClInclude>
    <ClInclude Include="Source\Mappers\Ideas\TechGroupsMapper.h">
      <Filter>Mappers\Ideas</Filter>
    </ClInclude>
    <ClInclude Include="Source\V2World\V2UncivReforms.h">
      <Filter>Vic2World</Filter>
    </ClInclude>
    <ClInclude Include="Source\EU4World\Country\EU4ReformStackSection.h">
      <Filter>EU4World\Country</Filter>
    </ClInclude>
    <ClInclude Include="Source\EU4World\Country\EU4GovernmentSection.h">
      <Filter>EU4World\Country</Filter>
    </ClInclude>
    <ClInclude Include="..\common_items\StringUtils.h">
      <Filter>CommonItems</Filter>
    </ClInclude>
    <ClInclude Include="Source\EU4World\Country\EU4NationalSymbol.h">
      <Filter>EU4World\Country</Filter>
    </ClInclude>
    <ClInclude Include="Source\EU4World\Country\EU4CustomColors.h">
      <Filter>EU4World\Country</Filter>
    </ClInclude>
    <ClInclude Include="Source\EU4World\Army\EU4Army.h">
      <Filter>EU4World\Army</Filter>
    </ClInclude>
    <ClInclude Include="Source\EU4World\Army\EU4Regiment.h">
      <Filter>EU4World\Army</Filter>
    </ClInclude>
    <ClInclude Include="Source\V2World\Factory\V2FactoryTechLoader.h">
      <Filter>Vic2World\Factory</Filter>
    </ClInclude>
    <ClInclude Include="Source\V2World\Factory\V2FactoryInventionEffect.h">
      <Filter>Vic2World\Factory</Filter>
    </ClInclude>
    <ClInclude Include="Source\V2World\Factory\V2FactoryInventionLoader.h">
      <Filter>Vic2World\Factory</Filter>
    </ClInclude>
    <ClInclude Include="Source\V2World\Factory\V2FactoryTypeInputs.h">
      <Filter>Vic2World\Factory</Filter>
    </ClInclude>
    <ClInclude Include="Source\V2World\Factory\V2FactoryType.h">
      <Filter>Vic2World\Factory</Filter>
    </ClInclude>
    <ClInclude Include="Source\V2World\Factory\V2FactoryTypeLoader.h">
      <Filter>Vic2World\Factory</Filter>
    </ClInclude>
    <ClInclude Include="Source\V2World\Factory\V2FactoryStartingCounts.h">
      <Filter>Vic2World\Factory</Filter>
    </ClInclude>
    <ClInclude Include="Source\V2World\Factory\V2Factory.h">
      <Filter>Vic2World\Factory</Filter>
    </ClInclude>
    <ClInclude Include="Source\V2World\Factory\V2FactoryFactory.h">
      <Filter>Vic2World\Factory</Filter>
    </ClInclude>
    <ClInclude Include="Source\V2World\Factory\V2FactoryTechDetails.h">
      <Filter>Vic2World\Factory</Filter>
    </ClInclude>
    <ClInclude Include="Source\V2World\Factory\V2FactoryTech.h">
      <Filter>Vic2World\Factory</Filter>
    </ClInclude>
    <ClInclude Include="Source\V2World\Factory\V2FactoryInventionDetails.h">
      <Filter>Vic2World\Factory</Filter>
    </ClInclude>
    <ClInclude Include="Source\V2World\Factory\V2FactoryInvention.h">
      <Filter>Vic2World\Factory</Filter>
    </ClInclude>
    <ClInclude Include="Source\V2World\Leader\V2LeaderTraitTypes.h">
      <Filter>Vic2World\Leader</Filter>
    </ClInclude>
    <ClInclude Include="Source\V2World\Leader\V2LeaderTrait.h">
      <Filter>Vic2World\Leader</Filter>
    </ClInclude>
    <ClInclude Include="Source\V2World\Leader\V2Leader.h">
      <Filter>Vic2World\Leader</Filter>
    </ClInclude>
    <ClInclude Include="Source\EU4World\History\CountryHistory.h">
      <Filter>EU4World\History</Filter>
    </ClInclude>
    <ClInclude Include="Source\EU4World\Leader\EU4Leader.h">
      <Filter>EU4World\Leader</Filter>
    </ClInclude>
    <ClInclude Include="Source\EU4World\History\CountryHistoryDate.h">
      <Filter>EU4World\History</Filter>
    </ClInclude>
    <ClInclude Include="Source\V2World\Leader\V2LeaderTraitMapper.h">
      <Filter>Vic2World\Leader</Filter>
    </ClInclude>
    <ClInclude Include="Source\V2World\RGORandomization\Bucket.h">
      <Filter>Vic2World\RGORandomization</Filter>
    </ClInclude>
    <ClInclude Include="Source\V2World\RGORandomization\BucketList.h">
      <Filter>Vic2World\RGORandomization</Filter>
    </ClInclude>
    <ClInclude Include="Source\V2World\Country\V2Party.h">
      <Filter>Vic2World\Country</Filter>
    </ClInclude>
    <ClInclude Include="Source\V2World\Country\V2Unreleasables.h">
      <Filter>Vic2World\Country</Filter>
    </ClInclude>
    <ClInclude Include="Source\EU4World\NationMerger\MergeBlock.h">
      <Filter>EU4World\NationMerger</Filter>
    </ClInclude>
    <ClInclude Include="Source\EU4World\NationMerger\NationMergeParser.h">
      <Filter>EU4World\NationMerger</Filter>
    </ClInclude>
    <ClInclude Include="Source\V2World\Pops\Pop.h">
      <Filter>Vic2World\Pops</Filter>
    </ClInclude>
    <ClInclude Include="Source\V2World\Pops\PopMapper.h">
      <Filter>Vic2World\Pops</Filter>
    </ClInclude>
    <ClInclude Include="Source\V2World\Map\BuildingPosition.h">
      <Filter>Vic2World\Map</Filter>
    </ClInclude>
    <ClInclude Include="Source\V2World\Map\MapProvince.h">
      <Filter>Vic2World\Map</Filter>
    </ClInclude>
    <ClInclude Include="Source\V2World\Map\NavalBase.h">
      <Filter>Vic2World\Map</Filter>
    </ClInclude>
    <ClInclude Include="Source\EU4World\Country\EU4Technology.h">
      <Filter>EU4World\Country</Filter>
    </ClInclude>
    <ClInclude Include="Source\EU4World\Country\EU4CountryFlags.h">
      <Filter>EU4World\Country</Filter>
    </ClInclude>
    <ClInclude Include="Source\EU4World\Country\EU4Modifier.h">
      <Filter>EU4World\Country</Filter>
    </ClInclude>
    <ClInclude Include="Source\EU4World\Relations\EU4RelationDetails.h">
      <Filter>EU4World\Relations</Filter>
    </ClInclude>
    <ClInclude Include="Source\EU4World\Relations\EU4Relations.h">
      <Filter>EU4World\Relations</Filter>
    </ClInclude>
    <ClInclude Include="Source\EU4World\Relations\EU4Empire.h">
      <Filter>EU4World\Relations</Filter>
    </ClInclude>
    <ClInclude Include="Source\EU4World\Diplomacy\EU4Agreement.h">
      <Filter>EU4World\Diplomacy</Filter>
    </ClInclude>
    <ClInclude Include="Source\EU4World\Diplomacy\EU4Diplomacy.h">
      <Filter>EU4World\Diplomacy</Filter>
    </ClInclude>
    <ClInclude Include="Source\EU4World\Country\EU4ActiveIdeas.h">
      <Filter>EU4World\Country</Filter>
    </ClInclude>
    <ClInclude Include="..\common_items\Object.h">
      <Filter>CommonItems</Filter>
    </ClInclude>
    <ClInclude Include="Source\V2World\Pops\PopTypes.h">
      <Filter>Vic2World\Pops</Filter>
    </ClInclude>
    <ClInclude Include="Source\EU4World\ColonialRegions\ColonialRegion.h">
      <Filter>EU4World\ColonialRegions</Filter>
    </ClInclude>
    <ClInclude Include="Source\EU4World\ColonialRegions\ColonialRegions.h">
      <Filter>EU4World\ColonialRegions</Filter>
    </ClInclude>
    <ClInclude Include="Source\EU4World\Country\Countries.h">
      <Filter>EU4World\Country</Filter>
    </ClInclude>
    <ClInclude Include="Source\EU4World\Country\EU4Country.h">
      <Filter>EU4World\Country</Filter>
    </ClInclude>
    <ClInclude Include="Source\Mappers\Buildings\Building.h">
      <Filter>Mappers\Buildings</Filter>
    </ClInclude>
    <ClInclude Include="Source\Mappers\Buildings\Buildings.h">
      <Filter>Mappers\Buildings</Filter>
    </ClInclude>
    <ClInclude Include="Source\Mappers\CultureGroups\Culture.h">
      <Filter>Mappers\CultureGroups</Filter>
    </ClInclude>
    <ClInclude Include="Source\Mappers\CultureGroups\CultureGroup.h">
      <Filter>Mappers\CultureGroups</Filter>
    </ClInclude>
    <ClInclude Include="Source\Mappers\CultureGroups\CultureGroups.h">
      <Filter>Mappers\CultureGroups</Filter>
    </ClInclude>
    <ClInclude Include="Source\EU4World\Localisation\EU4Localisation.h">
      <Filter>EU4World\Localisation</Filter>
    </ClInclude>
    <ClInclude Include="Source\Mappers\CK2Titles\CK2TitleMapper.h">
      <Filter>Mappers\CK2Titles</Filter>
    </ClInclude>
    <ClInclude Include="Source\Mappers\CK2Titles\TitleMapping.h">
      <Filter>Mappers\CK2Titles</Filter>
    </ClInclude>
    <ClInclude Include="Source\Mappers\CountryMappings\CountryMapping.h">
      <Filter>Mappers\CountryMappings</Filter>
    </ClInclude>
    <ClInclude Include="Source\Mappers\CountryMappings\CountryMappings.h">
      <Filter>Mappers\CountryMappings</Filter>
    </ClInclude>
    <ClInclude Include="Source\Mappers\Adjacency\AdjacencyMapper.h">
      <Filter>Mappers\Adjacency</Filter>
    </ClInclude>
    <ClInclude Include="Source\Mappers\Geography\ClimateMapper.h">
      <Filter>Mappers\Geography</Filter>
    </ClInclude>
    <ClInclude Include="Source\Mappers\Geography\Continents.h">
      <Filter>Mappers\Geography</Filter>
    </ClInclude>
    <ClInclude Include="Source\Mappers\Geography\TerrainDataMapper.h">
      <Filter>Mappers\Geography</Filter>
    </ClInclude>
    <ClInclude Include="Source\Mappers\ColonialTags\ColonialTag.h">
      <Filter>Mappers\ColonialTags</Filter>
    </ClInclude>
    <ClInclude Include="Source\Mappers\ColonialTags\ColonialTagsMapper.h">
      <Filter>Mappers\ColonialTags</Filter>
    </ClInclude>
    <ClInclude Include="Source\Mappers\ColonialFlags\ColonialFlag.h">
      <Filter>Mappers\ColonialFlags</Filter>
    </ClInclude>
    <ClInclude Include="Source\Mappers\ColonialFlags\ColonialFlagRegion.h">
      <Filter>Mappers\ColonialFlags</Filter>
    </ClInclude>
    <ClInclude Include="Source\Mappers\ColonialFlags\ColonialFlagsMapper.h">
      <Filter>Mappers\ColonialFlags</Filter>
    </ClInclude>
    <ClInclude Include="Source\Mappers\CultureMapper\CultureMapper.h">
      <Filter>Mappers\CultureMapper</Filter>
    </ClInclude>
    <ClInclude Include="Source\Mappers\CultureMapper\CultureMapping.h">
      <Filter>Mappers\CultureMapper</Filter>
    </ClInclude>
    <ClInclude Include="Source\Mappers\CultureMapper\CultureMappingRule.h">
      <Filter>Mappers\CultureMapper</Filter>
    </ClInclude>
    <ClInclude Include="Source\Mappers\FlagColors\FlagColorMapper.h">
      <Filter>Mappers\FlagColors</Filter>
    </ClInclude>
    <ClInclude Include="Source\Mappers\GovernmentMapper\GovernmentMapper.h">
      <Filter>Mappers\GovernmentMapper</Filter>
    </ClInclude>
    <ClInclude Include="Source\Mappers\MinorityPops\MinorityPop.h">
      <Filter>Mappers\MinorityPops</Filter>
    </ClInclude>
    <ClInclude Include="Source\Mappers\MinorityPops\MinorityPopMapper.h">
      <Filter>Mappers\MinorityPops</Filter>
    </ClInclude>
    <ClInclude Include="Source\Mappers\PartyNames\PartyName.h">
      <Filter>Mappers\PartyNames</Filter>
    </ClInclude>
    <ClInclude Include="Source\Mappers\PartyNames\PartyNameMapper.h">
      <Filter>Mappers\PartyNames</Filter>
    </ClInclude>
    <ClInclude Include="Source\Mappers\RegimentCosts\RegimentCostsMapper.h">
      <Filter>Mappers\RegimentCosts</Filter>
    </ClInclude>
    <ClInclude Include="Source\Mappers\ReligionMapper\ReligionMapper.h">
      <Filter>Mappers\ReligionMapper</Filter>
    </ClInclude>
    <ClInclude Include="Source\Mappers\ReligionMapper\ReligionMapping.h">
      <Filter>Mappers\ReligionMapper</Filter>
    </ClInclude>
    <ClInclude Include="Source\Mappers\UnitTypes\UnitType.h">
      <Filter>Mappers\UnitTypes</Filter>
    </ClInclude>
    <ClInclude Include="Source\Mappers\UnitTypes\UnitTypeMapper.h">
      <Filter>Mappers\UnitTypes</Filter>
    </ClInclude>
    <ClInclude Include="Source\Mappers\StateMapper\StateMapper.h">
      <Filter>Mappers\StateMapper</Filter>
    </ClInclude>
    <ClInclude Include="Source\Mappers\BlockedTechSchools\BlockedTechSchools.h">
      <Filter>Mappers\BlockedTechSchools</Filter>
    </ClInclude>
    <ClInclude Include="Source\Mappers\TechSchools\TechSchools.h">
      <Filter>Mappers\TechSchools</Filter>
    </ClInclude>
    <ClInclude Include="Source\Mappers\TechSchools\TechSchool.h">
      <Filter>Mappers\TechSchools</Filter>
    </ClInclude>
    <ClInclude Include="Source\Mappers\TechSchools\TechSchoolMapper.h">
      <Filter>Mappers\TechSchools</Filter>
    </ClInclude>
    <ClInclude Include="Source\Mappers\CulturalUnions\CulturalUnion.h">
      <Filter>Mappers\CulturalUnions</Filter>
    </ClInclude>
    <ClInclude Include="Source\Mappers\CulturalUnions\CulturalUnionMapper.h">
      <Filter>Mappers\CulturalUnions</Filter>
    </ClInclude>
  </ItemGroup>
  <ItemGroup>
    <Filter Include="EU4World">
      <UniqueIdentifier>{1c4738b1-ae86-48d8-b793-d46251e6f372}</UniqueIdentifier>
    </Filter>
    <Filter Include="Mappers">
      <UniqueIdentifier>{bf826ab7-8ea4-4e55-9e01-15ed547a428e}</UniqueIdentifier>
    </Filter>
    <Filter Include="EU4World\Regions">
      <UniqueIdentifier>{bb9e2660-cfab-4a48-9a11-aa867dddd782}</UniqueIdentifier>
    </Filter>
    <Filter Include="Vic2World">
      <UniqueIdentifier>{54d664c9-6ab6-495c-860c-285dad122e46}</UniqueIdentifier>
    </Filter>
    <Filter Include="CommonItems">
      <UniqueIdentifier>{92d9302b-67c1-46ea-9493-b56e75598574}</UniqueIdentifier>
    </Filter>
    <Filter Include="EU4World\Provinces">
      <UniqueIdentifier>{865578c6-52ac-4ef0-8dc1-c168b677508a}</UniqueIdentifier>
    </Filter>
    <Filter Include="EU4World\Religions">
      <UniqueIdentifier>{b12cccd6-fb02-48ec-b222-df16d98da75e}</UniqueIdentifier>
    </Filter>
    <Filter Include="Mappers\ProvinceMappings">
      <UniqueIdentifier>{5e9fdef6-9a6f-4ec5-bd98-cc22aedc71ee}</UniqueIdentifier>
    </Filter>
    <Filter Include="EU4World\Mods">
      <UniqueIdentifier>{5cf7770c-c44d-44fd-864a-e3ae2fc9fe43}</UniqueIdentifier>
    </Filter>
    <Filter Include="Helpers">
      <UniqueIdentifier>{ef5e0061-2ce9-448e-9f80-9fa52991faf9}</UniqueIdentifier>
    </Filter>
    <Filter Include="Mappers\Ideas">
      <UniqueIdentifier>{7850fd15-b418-4718-b0f5-e2a1ea86e33a}</UniqueIdentifier>
    </Filter>
    <Filter Include="EU4World\Modifiers">
      <UniqueIdentifier>{a148c2bc-522b-45d5-9087-5f5b840c943f}</UniqueIdentifier>
    </Filter>
    <Filter Include="EU4World\Country">
      <UniqueIdentifier>{0eaaaa58-d93f-4f51-a6fe-dce31727ca87}</UniqueIdentifier>
    </Filter>
    <Filter Include="EU4World\Army">
      <UniqueIdentifier>{f97aeea8-0988-49af-9fcb-15d4302eb844}</UniqueIdentifier>
    </Filter>
    <Filter Include="Vic2World\Factory">
      <UniqueIdentifier>{88c08173-47e0-48fd-ae63-80362aae21ed}</UniqueIdentifier>
    </Filter>
    <Filter Include="Vic2World\Leader">
      <UniqueIdentifier>{e833b88c-161a-440a-a101-534515a4c503}</UniqueIdentifier>
    </Filter>
    <Filter Include="EU4World\History">
      <UniqueIdentifier>{f1bc5627-0c41-42d9-9cb3-66924c260cea}</UniqueIdentifier>
    </Filter>
    <Filter Include="EU4World\Leader">
      <UniqueIdentifier>{cad4ad12-a780-4d35-bce5-cfa1c1b23f89}</UniqueIdentifier>
    </Filter>
    <Filter Include="Vic2World\RGORandomization">
      <UniqueIdentifier>{c2a72362-f9f1-46ba-9af1-ea88983f295c}</UniqueIdentifier>
    </Filter>
    <Filter Include="Vic2World\Country">
      <UniqueIdentifier>{8b2897e0-22e8-4284-a6d6-52b237ebab64}</UniqueIdentifier>
    </Filter>
    <Filter Include="EU4World\NationMerger">
      <UniqueIdentifier>{001fbc47-c628-4766-a50e-876ff0ba6b44}</UniqueIdentifier>
    </Filter>
    <Filter Include="Vic2World\Pops">
      <UniqueIdentifier>{160fddbc-07d6-4366-8b3d-6a7fdc71c15f}</UniqueIdentifier>
    </Filter>
    <Filter Include="Vic2World\Map">
      <UniqueIdentifier>{03c647d5-094f-4c36-9edd-81509b68364b}</UniqueIdentifier>
    </Filter>
    <Filter Include="EU4World\Relations">
      <UniqueIdentifier>{a2bfda6d-eaa2-4066-a13b-cdca36a6c851}</UniqueIdentifier>
    </Filter>
    <Filter Include="EU4World\Diplomacy">
      <UniqueIdentifier>{998abc28-2279-43ae-9a37-929aa3057045}</UniqueIdentifier>
    </Filter>
    <Filter Include="EU4World\ColonialRegions">
      <UniqueIdentifier>{06b263a1-60e1-43f3-bd3c-7442154bc521}</UniqueIdentifier>
    </Filter>
    <Filter Include="Mappers\Buildings">
      <UniqueIdentifier>{6d032e94-4d0f-4d2e-a14e-bd6bc4d6a85b}</UniqueIdentifier>
    </Filter>
    <Filter Include="Mappers\CultureGroups">
      <UniqueIdentifier>{4b63845e-9288-4ea1-a7aa-18bccaf0ef3f}</UniqueIdentifier>
    </Filter>
    <Filter Include="EU4World\Localisation">
      <UniqueIdentifier>{378138b0-2893-41e3-8f98-70df21541f19}</UniqueIdentifier>
    </Filter>
    <Filter Include="Mappers\CK2Titles">
      <UniqueIdentifier>{5095124a-bcad-425f-aa6c-8299c482a4a3}</UniqueIdentifier>
    </Filter>
    <Filter Include="Mappers\CountryMappings">
      <UniqueIdentifier>{555fbb7e-7576-40ca-a00c-3c0c85145fb1}</UniqueIdentifier>
    </Filter>
    <Filter Include="Mappers\Adjacency">
      <UniqueIdentifier>{b1c912a8-37e7-40fd-a471-45254f092ca0}</UniqueIdentifier>
    </Filter>
    <Filter Include="Mappers\Geography">
      <UniqueIdentifier>{4700b363-a004-434a-8672-55fc2a36d624}</UniqueIdentifier>
    </Filter>
    <Filter Include="Mappers\ColonialTags">
      <UniqueIdentifier>{ebbdcab9-2975-49a0-a1f4-bb3eab47a5e7}</UniqueIdentifier>
    </Filter>
    <Filter Include="Mappers\ColonialFlags">
      <UniqueIdentifier>{8c5677aa-9760-4996-a209-6770f187ea8d}</UniqueIdentifier>
    </Filter>
    <Filter Include="Mappers\CultureMapper">
      <UniqueIdentifier>{0d5ba2f0-440e-4b34-91ef-d1bb99adcae2}</UniqueIdentifier>
    </Filter>
    <Filter Include="Mappers\FlagColors">
      <UniqueIdentifier>{fc93dde8-f3e2-4484-9ad6-8374d24d3f5d}</UniqueIdentifier>
    </Filter>
    <Filter Include="Mappers\GovernmentMapper">
      <UniqueIdentifier>{4f2f705d-ce8c-47b1-964e-e185667ddf74}</UniqueIdentifier>
    </Filter>
    <Filter Include="Mappers\MinorityPops">
      <UniqueIdentifier>{f6048d90-c48f-41c5-9ad8-8afb4aa4a421}</UniqueIdentifier>
    </Filter>
    <Filter Include="Mappers\PartyNames">
      <UniqueIdentifier>{6700c27c-5507-4a98-9b25-6f09c1fb7bc9}</UniqueIdentifier>
    </Filter>
    <Filter Include="Mappers\RegimentCosts">
      <UniqueIdentifier>{2f3cb1e5-398e-416f-be16-502306b12222}</UniqueIdentifier>
    </Filter>
    <Filter Include="Mappers\UnitTypes">
      <UniqueIdentifier>{cc66df7d-dbee-401c-845f-3d6649c61c9d}</UniqueIdentifier>
    </Filter>
    <Filter Include="Mappers\ReligionMapper">
      <UniqueIdentifier>{44340527-2344-4cab-8325-3dd7b51e4fc1}</UniqueIdentifier>
    </Filter>
    <Filter Include="Mappers\StateMapper">
      <UniqueIdentifier>{7bce0c6a-44e0-4f11-9ede-2392d88ae511}</UniqueIdentifier>
    </Filter>
    <Filter Include="Mappers\BlockedTechSchools">
      <UniqueIdentifier>{ef6acc70-e731-4553-931d-2f45990d0ebc}</UniqueIdentifier>
    </Filter>
    <Filter Include="Mappers\TechSchools">
      <UniqueIdentifier>{43618607-1df7-4ebb-85d1-88c33e8f8716}</UniqueIdentifier>
    </Filter>
    <Filter Include="Mappers\CulturalUnions">
      <UniqueIdentifier>{488abd94-7c26-4187-96ef-cb595c5cba00}</UniqueIdentifier>
    </Filter>
  </ItemGroup>
</Project>