
Microsoft Visual Studio Solution File, Format Version 12.00
# Visual Studio Version 16
VisualStudioVersion = 16.0.29613.14
MinimumVisualStudioVersion = 10.0.40219.1
Project("{8BC9CEB8-8B4A-11D0-8D11-00A0C91BC942}") = "EU4ToV2", "EU4toV2\EU4ToV2.vcxproj", "{84ABCE0D-17FE-44A5-8684-5A8AA04E80B9}"
	ProjectSection(ProjectDependencies) = postProject
		{0918DC8B-8D29-4B01-B83E-0896ECDF88A6} = {0918DC8B-8D29-4B01-B83E-0896ECDF88A6}
	EndProjectSection
EndProject
Project("{FAE04EC0-301F-11D3-BF4B-00C04F79EFBC}") = "Frontend.Client", "frontend\ParadoxConverters.Frontend\Frontend.Client.csproj", "{0918DC8B-8D29-4B01-B83E-0896ECDF88A6}"
EndProject
Project("{FAE04EC0-301F-11D3-BF4B-00C04F79EFBC}") = "Frontend.Core", "frontend\Frontend.Core\Frontend.Core.csproj", "{94887089-4A35-40BE-BA3F-6C9F15AA2BDA}"
EndProject
Project("{FAE04EC0-301F-11D3-BF4B-00C04F79EFBC}") = "Frontend.Core.Tests", "frontend\Frontend.Core.Tests\Frontend.Core.Tests.csproj", "{01F3A84A-BB75-4A4C-A34A-BC10F09E252C}"
EndProject
Project("{8BC9CEB8-8B4A-11D0-8D11-00A0C91BC942}") = "EU4ToVic2Tests", "EU4ToVic2Tests\EU4ToVic2Tests.vcxproj", "{54DB009B-3320-4565-9489-9E713AE77900}"
EndProject
Global
	GlobalSection(SolutionConfigurationPlatforms) = preSolution
		Debug|Any CPU = Debug|Any CPU
		Debug|Win32 = Debug|Win32
		Debug|x64 = Debug|x64
		Release|Any CPU = Release|Any CPU
		Release|Win32 = Release|Win32
		Release|x64 = Release|x64
	EndGlobalSection
	GlobalSection(ProjectConfigurationPlatforms) = postSolution
		{84ABCE0D-17FE-44A5-8684-5A8AA04E80B9}.Debug|Any CPU.ActiveCfg = Debug|Win32
		{84ABCE0D-17FE-44A5-8684-5A8AA04E80B9}.Debug|Win32.ActiveCfg = Debug|Win32
		{84ABCE0D-17FE-44A5-8684-5A8AA04E80B9}.Debug|Win32.Build.0 = Debug|Win32
		{84ABCE0D-17FE-44A5-8684-5A8AA04E80B9}.Debug|x64.ActiveCfg = Debug|Win32
		{84ABCE0D-17FE-44A5-8684-5A8AA04E80B9}.Release|Any CPU.ActiveCfg = Release|Win32
		{84ABCE0D-17FE-44A5-8684-5A8AA04E80B9}.Release|Win32.ActiveCfg = Release|Win32
		{84ABCE0D-17FE-44A5-8684-5A8AA04E80B9}.Release|Win32.Build.0 = Release|Win32
		{84ABCE0D-17FE-44A5-8684-5A8AA04E80B9}.Release|x64.ActiveCfg = Release|Win32
		{0918DC8B-8D29-4B01-B83E-0896ECDF88A6}.Debug|Any CPU.ActiveCfg = Debug|Any CPU
		{0918DC8B-8D29-4B01-B83E-0896ECDF88A6}.Debug|Any CPU.Build.0 = Debug|Any CPU
		{0918DC8B-8D29-4B01-B83E-0896ECDF88A6}.Debug|Win32.ActiveCfg = Debug|Any CPU
		{0918DC8B-8D29-4B01-B83E-0896ECDF88A6}.Debug|Win32.Build.0 = Debug|Any CPU
		{0918DC8B-8D29-4B01-B83E-0896ECDF88A6}.Debug|x64.ActiveCfg = Debug|Any CPU
		{0918DC8B-8D29-4B01-B83E-0896ECDF88A6}.Debug|x64.Build.0 = Debug|Any CPU
		{0918DC8B-8D29-4B01-B83E-0896ECDF88A6}.Release|Any CPU.ActiveCfg = Release|Any CPU
		{0918DC8B-8D29-4B01-B83E-0896ECDF88A6}.Release|Any CPU.Build.0 = Release|Any CPU
		{0918DC8B-8D29-4B01-B83E-0896ECDF88A6}.Release|Win32.ActiveCfg = Release|Any CPU
		{0918DC8B-8D29-4B01-B83E-0896ECDF88A6}.Release|Win32.Build.0 = Release|Any CPU
		{0918DC8B-8D29-4B01-B83E-0896ECDF88A6}.Release|x64.ActiveCfg = Release|Any CPU
		{0918DC8B-8D29-4B01-B83E-0896ECDF88A6}.Release|x64.Build.0 = Release|Any CPU
		{94887089-4A35-40BE-BA3F-6C9F15AA2BDA}.Debug|Any CPU.ActiveCfg = Debug|Any CPU
		{94887089-4A35-40BE-BA3F-6C9F15AA2BDA}.Debug|Any CPU.Build.0 = Debug|Any CPU
		{94887089-4A35-40BE-BA3F-6C9F15AA2BDA}.Debug|Win32.ActiveCfg = Debug|Any CPU
		{94887089-4A35-40BE-BA3F-6C9F15AA2BDA}.Debug|Win32.Build.0 = Debug|Any CPU
		{94887089-4A35-40BE-BA3F-6C9F15AA2BDA}.Debug|x64.ActiveCfg = Debug|Any CPU
		{94887089-4A35-40BE-BA3F-6C9F15AA2BDA}.Debug|x64.Build.0 = Debug|Any CPU
		{94887089-4A35-40BE-BA3F-6C9F15AA2BDA}.Release|Any CPU.ActiveCfg = Release|Any CPU
		{94887089-4A35-40BE-BA3F-6C9F15AA2BDA}.Release|Any CPU.Build.0 = Release|Any CPU
		{94887089-4A35-40BE-BA3F-6C9F15AA2BDA}.Release|Win32.ActiveCfg = Release|Any CPU
		{94887089-4A35-40BE-BA3F-6C9F15AA2BDA}.Release|Win32.Build.0 = Release|Any CPU
		{94887089-4A35-40BE-BA3F-6C9F15AA2BDA}.Release|x64.ActiveCfg = Release|Any CPU
		{94887089-4A35-40BE-BA3F-6C9F15AA2BDA}.Release|x64.Build.0 = Release|Any CPU
		{01F3A84A-BB75-4A4C-A34A-BC10F09E252C}.Debug|Any CPU.ActiveCfg = Debug|Any CPU
		{01F3A84A-BB75-4A4C-A34A-BC10F09E252C}.Debug|Any CPU.Build.0 = Debug|Any CPU
		{01F3A84A-BB75-4A4C-A34A-BC10F09E252C}.Debug|Win32.ActiveCfg = Debug|Any CPU
		{01F3A84A-BB75-4A4C-A34A-BC10F09E252C}.Debug|Win32.Build.0 = Debug|Any CPU
		{01F3A84A-BB75-4A4C-A34A-BC10F09E252C}.Debug|x64.ActiveCfg = Debug|Any CPU
		{01F3A84A-BB75-4A4C-A34A-BC10F09E252C}.Debug|x64.Build.0 = Debug|Any CPU
		{01F3A84A-BB75-4A4C-A34A-BC10F09E252C}.Release|Any CPU.ActiveCfg = Release|Any CPU
		{01F3A84A-BB75-4A4C-A34A-BC10F09E252C}.Release|Any CPU.Build.0 = Release|Any CPU
		{01F3A84A-BB75-4A4C-A34A-BC10F09E252C}.Release|Win32.ActiveCfg = Release|Any CPU
		{01F3A84A-BB75-4A4C-A34A-BC10F09E252C}.Release|Win32.Build.0 = Release|Any CPU
		{01F3A84A-BB75-4A4C-A34A-BC10F09E252C}.Release|x64.ActiveCfg = Release|Any CPU
		{01F3A84A-BB75-4A4C-A34A-BC10F09E252C}.Release|x64.Build.0 = Release|Any CPU
		{54DB009B-3320-4565-9489-9E713AE77900}.Debug|Any CPU.ActiveCfg = Debug|Win32
		{54DB009B-3320-4565-9489-9E713AE77900}.Debug|Win32.ActiveCfg = Debug|Win32
		{54DB009B-3320-4565-9489-9E713AE77900}.Debug|Win32.Build.0 = Debug|Win32
		{54DB009B-3320-4565-9489-9E713AE77900}.Debug|x64.ActiveCfg = Debug|x64
		{54DB009B-3320-4565-9489-9E713AE77900}.Debug|x64.Build.0 = Debug|x64
		{54DB009B-3320-4565-9489-9E713AE77900}.Release|Any CPU.ActiveCfg = Release|Win32
		{54DB009B-3320-4565-9489-9E713AE77900}.Release|Win32.ActiveCfg = Release|Win32
		{54DB009B-3320-4565-9489-9E713AE77900}.Release|Win32.Build.0 = Release|Win32
		{54DB009B-3320-4565-9489-9E713AE77900}.Release|x64.ActiveCfg = Release|x64
		{54DB009B-3320-4565-9489-9E713AE77900}.Release|x64.Build.0 = Release|x64
	EndGlobalSection
	GlobalSection(SolutionProperties) = preSolution
		HideSolutionNode = FALSE
	EndGlobalSection
	GlobalSection(ExtensibilityGlobals) = postSolution
		SolutionGuid = {EF7B60AC-95E7-4DAC-B82B-8A3A169926AD}
	EndGlobalSection
EndGlobal
