<?xml version="1.0" encoding="utf-8"?>
<Project ToolsVersion="4.0" xmlns="http://schemas.microsoft.com/developer/msbuild/2003">
  <ItemGroup>
    <ClCompile Include="..\googletest\googletest\src\gtest-all.cc" />
    <ClCompile Include="..\googletest\googletest\src\gtest_main.cc" />
    <ClCompile Include="EU4WorldTests\AreasTests.cpp">
      <Filter>EU4WorldTests</Filter>
    </ClCompile>
    <ClCompile Include="EU4WorldTests\RegionsTests.cpp">
      <Filter>EU4WorldTests</Filter>
    </ClCompile>
    <ClCompile Include="EU4WorldTests\RegionTests.cpp">
      <Filter>EU4WorldTests</Filter>
    </ClCompile>
    <ClCompile Include="..\EU4toV2\Source\Configuration.cpp">
      <Filter>ConverterFiles</Filter>
    </ClCompile>
    <ClCompile Include="ConfigurationTests.cpp" />
    <ClCompile Include="..\EU4toV2\Source\EU4World\Regions\Area.cpp">
      <Filter>ConverterFiles\EU4World\Regions</Filter>
    </ClCompile>
    <ClCompile Include="..\EU4toV2\Source\EU4World\Regions\Areas.cpp">
      <Filter>ConverterFiles\EU4World\Regions</Filter>
    </ClCompile>
    <ClCompile Include="..\EU4toV2\Source\EU4World\Regions\Region.cpp">
      <Filter>ConverterFiles\EU4World\Regions</Filter>
    </ClCompile>
    <ClCompile Include="..\EU4toV2\Source\EU4World\Regions\Regions.cpp">
      <Filter>ConverterFiles\EU4World\Regions</Filter>
    </ClCompile>
    <ClCompile Include="EU4WorldTests\EU4AreaTests.cpp">
      <Filter>EU4WorldTests</Filter>
    </ClCompile>
    <ClCompile Include="..\googletest\googlemock\src\gmock-all.cc" />
    <ClCompile Include="MapperTests\ReligionMappingTests.cpp">
      <Filter>MapperTests</Filter>
    </ClCompile>
    <ClCompile Include="MapperTests\ReligionMapperTests.cpp">
      <Filter>MapperTests</Filter>
    </ClCompile>
    <ClCompile Include="EU4WorldTests\PopRatioTests.cpp">
      <Filter>EU4WorldTests</Filter>
    </ClCompile>
    <ClCompile Include="EU4WorldTests\DateItemsTests.cpp">
      <Filter>EU4WorldTests</Filter>
    </ClCompile>
    <ClCompile Include="EU4WorldTests\ProvinceHistoryTests.cpp">
      <Filter>EU4WorldTests</Filter>
    </ClCompile>
    <ClCompile Include="EU4WorldTests\ReligionTests.cpp">
      <Filter>EU4WorldTests</Filter>
    </ClCompile>
    <ClCompile Include="EU4WorldTests\ReligionGroupTests.cpp">
      <Filter>EU4WorldTests</Filter>
    </ClCompile>
    <ClCompile Include="EU4WorldTests\ReligionsTests.cpp">
      <Filter>EU4WorldTests</Filter>
    </ClCompile>
    <ClCompile Include="..\EU4toV2\Source\EU4World\Religions\Religion.cpp">
      <Filter>ConverterFiles\EU4World\Religions</Filter>
    </ClCompile>
    <ClCompile Include="..\EU4toV2\Source\EU4World\Religions\ReligionGroup.cpp">
      <Filter>ConverterFiles\EU4World\Religions</Filter>
    </ClCompile>
    <ClCompile Include="..\EU4toV2\Source\EU4World\Religions\Religions.cpp">
      <Filter>ConverterFiles\EU4World\Religions</Filter>
    </ClCompile>
    <ClCompile Include="..\EU4toV2\Source\EU4World\Provinces\DateItems.cpp">
      <Filter>ConverterFiles\EU4World\Provinces</Filter>
    </ClCompile>
    <ClCompile Include="..\EU4toV2\Source\EU4World\Provinces\EU4Province.cpp">
      <Filter>ConverterFiles\EU4World\Provinces</Filter>
    </ClCompile>
    <ClCompile Include="..\EU4toV2\Source\EU4World\Provinces\PopRatio.cpp">
      <Filter>ConverterFiles\EU4World\Provinces</Filter>
    </ClCompile>
    <ClCompile Include="..\EU4toV2\Source\EU4World\Provinces\ProvinceHistory.cpp">
      <Filter>ConverterFiles\EU4World\Provinces</Filter>
    </ClCompile>
    <ClCompile Include="EU4WorldTests\EU4ProvinceTests.cpp">
      <Filter>EU4WorldTests</Filter>
    </ClCompile>
    <ClCompile Include="..\EU4toV2\Source\EU4World\Provinces\Provinces.cpp">
      <Filter>ConverterFiles\EU4World\Provinces</Filter>
    </ClCompile>
    <ClCompile Include="EU4WorldTests\ProvincesTests.cpp">
      <Filter>EU4WorldTests</Filter>
    </ClCompile>
    <ClCompile Include="..\EU4toV2\Source\Mappers\ProvinceMappings\ProvinceMapping.cpp">
      <Filter>ConverterFiles\Mappers\ProvinceMappings</Filter>
    </ClCompile>
    <ClCompile Include="MapperTests\ProvinceMappingTests.cpp">
      <Filter>MapperTests</Filter>
    </ClCompile>
    <ClCompile Include="..\EU4toV2\Source\Mappers\ProvinceMappings\ProvinceMappingsVersion.cpp">
      <Filter>ConverterFiles\Mappers\ProvinceMappings</Filter>
    </ClCompile>
    <ClCompile Include="MapperTests\ProvinceMappingsVersionTests.cpp">
      <Filter>MapperTests</Filter>
    </ClCompile>
    <ClCompile Include="MapperTests\ProvinceMapperTests.cpp">
      <Filter>MapperTests</Filter>
    </ClCompile>
    <ClCompile Include="..\EU4toV2\Source\Mappers\ProvinceMappings\ProvinceMapper.cpp">
      <Filter>ConverterFiles\Mappers\ProvinceMappings</Filter>
    </ClCompile>
    <ClCompile Include="EU4WorldTests\ModTests.cpp">
      <Filter>EU4WorldTests</Filter>
    </ClCompile>
    <ClCompile Include="..\EU4toV2\Source\EU4World\Mods\Mod.cpp">
      <Filter>ConverterFiles\EU4World\Mods</Filter>
    </ClCompile>
    <ClCompile Include="MapperTests\IdeaEffectsTests.cpp">
      <Filter>MapperTests</Filter>
    </ClCompile>
    <ClCompile Include="MapperTests\IdeaEffectsMapperTests.cpp">
      <Filter>MapperTests</Filter>
    </ClCompile>
    <ClCompile Include="HelpersTests\TechValuesTests.cpp">
      <Filter>HelpersTests</Filter>
    </ClCompile>
    <ClCompile Include="..\EU4toV2\Source\Helpers\TechValues.cpp">
      <Filter>ConverterFiles\Helpers</Filter>
    </ClCompile>
    <ClCompile Include="..\EU4toV2\Source\EU4World\Provinces\ProvinceBuildings.cpp">
      <Filter>ConverterFiles\EU4World\Provinces</Filter>
    </ClCompile>
    <ClCompile Include="EU4WorldTests\ProvinceBuildingsTests.cpp">
      <Filter>EU4WorldTests</Filter>
    </ClCompile>
    <ClCompile Include="..\EU4toV2\Source\EU4World\Modifiers\Modifier.cpp">
      <Filter>ConverterFiles\EU4World\Modifiers</Filter>
    </ClCompile>
    <ClCompile Include="EU4WorldTests\ModifierTests.cpp">
      <Filter>EU4WorldTests</Filter>
    </ClCompile>
    <ClCompile Include="..\EU4toV2\Source\EU4World\Modifiers\Modifiers.cpp">
      <Filter>ConverterFiles\EU4World\Modifiers</Filter>
    </ClCompile>
    <ClCompile Include="EU4WorldTests\ModifiersTests.cpp">
      <Filter>EU4WorldTests</Filter>
    </ClCompile>
    <ClCompile Include="EU4WorldTests\ProvinceModifierTests.cpp">
      <Filter>EU4WorldTests</Filter>
    </ClCompile>
    <ClCompile Include="..\EU4toV2\Source\EU4World\Provinces\ProvinceModifier.cpp">
      <Filter>ConverterFiles\EU4World\Provinces</Filter>
    </ClCompile>
    <ClCompile Include="..\EU4toV2\Source\EU4World\ColonialRegions\ColonialRegion.cpp">
      <Filter>ConverterFiles\EU4World\ColonialRegions</Filter>
    </ClCompile>
    <ClCompile Include="..\EU4toV2\Source\EU4World\ColonialRegions\ColonialRegions.cpp">
      <Filter>ConverterFiles\EU4World\ColonialRegions</Filter>
    </ClCompile>
    <ClCompile Include="MapperTests\BuildingsTests.cpp">
      <Filter>MapperTests</Filter>
    </ClCompile>
    <ClCompile Include="MapperTests\BuildingTests.cpp">
      <Filter>MapperTests</Filter>
    </ClCompile>
    <ClCompile Include="..\EU4toV2\Source\Mappers\Buildings\Building.cpp">
      <Filter>ConverterFiles\Mappers\Buildings</Filter>
    </ClCompile>
    <ClCompile Include="..\EU4toV2\Source\Mappers\Buildings\Buildings.cpp">
      <Filter>ConverterFiles\Mappers\Buildings</Filter>
    </ClCompile>
    <ClCompile Include="..\EU4toV2\Source\Mappers\CultureMapper\CultureMapper.cpp">
      <Filter>ConverterFiles\Mappers\CultureMapper</Filter>
    </ClCompile>
    <ClCompile Include="..\EU4toV2\Source\Mappers\CultureMapper\CultureMappingRule.cpp">
      <Filter>ConverterFiles\Mappers\CultureMapper</Filter>
    </ClCompile>
    <ClCompile Include="..\EU4toV2\Source\Mappers\ReligionMapper\ReligionMapper.cpp">
      <Filter>ConverterFiles\Mappers\ReligionMapper</Filter>
    </ClCompile>
    <ClCompile Include="..\EU4toV2\Source\Mappers\ReligionMapper\ReligionMapping.cpp">
      <Filter>ConverterFiles\Mappers\ReligionMapper</Filter>
    </ClCompile>
    <ClCompile Include="..\EU4toV2\Source\Mappers\StateMapper\StateMapper.cpp">
      <Filter>ConverterFiles\Mappers\StateMapper</Filter>
    </ClCompile>
    <ClCompile Include="MapperTests\BlockedTechSchoolsTests.cpp">
      <Filter>MapperTests</Filter>
    </ClCompile>
    <ClCompile Include="..\EU4toV2\Source\Mappers\BlockedTechSchools\BlockedTechSchools.cpp">
      <Filter>ConverterFiles\Mappers\BlockedTechSchools</Filter>
    </ClCompile>
    <ClCompile Include="..\EU4toV2\Source\Mappers\TechSchools\TechSchoolMapper.cpp">
      <Filter>ConverterFiles\Mappers\TechSchools</Filter>
    </ClCompile>
    <ClCompile Include="..\EU4toV2\Source\Mappers\TechSchools\TechSchool.cpp">
      <Filter>ConverterFiles\Mappers\TechSchools</Filter>
    </ClCompile>
    <ClCompile Include="..\EU4toV2\Source\Mappers\TechSchools\TechSchools.cpp">
      <Filter>ConverterFiles\Mappers\TechSchools</Filter>
    </ClCompile>
    <ClCompile Include="MapperTests\TechSchoolMapperTests.cpp">
      <Filter>MapperTests</Filter>
    </ClCompile>
    <ClCompile Include="MapperTests\TechSchoolTests.cpp">
      <Filter>MapperTests</Filter>
    </ClCompile>
    <ClCompile Include="MapperTests\CulturalUnionMapperTests.cpp">
      <Filter>MapperTests</Filter>
    </ClCompile>
    <ClCompile Include="MapperTests\CulturalUnionTests.cpp">
      <Filter>MapperTests</Filter>
    </ClCompile>
    <ClCompile Include="..\EU4toV2\Source\Mappers\CulturalUnions\CulturalUnion.cpp">
      <Filter>ConverterFiles\Mappers\CulturalUnions</Filter>
    </ClCompile>
    <ClCompile Include="..\EU4toV2\Source\Mappers\CulturalUnions\CulturalUnionMapper.cpp">
      <Filter>ConverterFiles\Mappers\CulturalUnions</Filter>
    </ClCompile>
    <ClCompile Include="MapperTests\StateMapperTests.cpp">
      <Filter>MapperTests</Filter>
    </ClCompile>
    <ClCompile Include="..\EU4toV2\Source\Mappers\IdeaEffects\IdeaEffectMapper.cpp">
      <Filter>ConverterFiles\Mappers\IdeaEffects</Filter>
    </ClCompile>
    <ClCompile Include="..\EU4toV2\Source\Mappers\IdeaEffects\IdeaEffects.cpp">
      <Filter>ConverterFiles\Mappers\IdeaEffects</Filter>
    </ClCompile>
    <ClCompile Include="MapperTests\CultureMapperTests.cpp">
      <Filter>MapperTests</Filter>
    </ClCompile>
    <ClCompile Include="..\EU4toV2\Source\EU4World\Regions\SuperRegions.cpp">
      <Filter>ConverterFiles\EU4World\Regions</Filter>
    </ClCompile>
    <ClCompile Include="..\EU4toV2\Source\Mappers\SuperGroupMapper\Assimilation.cpp">
      <Filter>ConverterFiles\Mappers\SuperGroupMapper</Filter>
    </ClCompile>
    <ClCompile Include="..\EU4toV2\Source\Mappers\SuperGroupMapper\SuperGroupMapper.cpp">
      <Filter>ConverterFiles\Mappers\SuperGroupMapper</Filter>
    </ClCompile>
    <ClCompile Include="..\EU4toV2\Source\Mappers\SuperGroupMapper\SuperRegion.cpp">
      <Filter>ConverterFiles\Mappers\SuperGroupMapper</Filter>
    </ClCompile>
    <ClCompile Include="..\commonItems\Color.cpp">
      <Filter>ConverterFiles\commonItems</Filter>
    </ClCompile>
    <ClCompile Include="..\commonItems\Date.cpp">
      <Filter>ConverterFiles\commonItems</Filter>
    </ClCompile>
    <ClCompile Include="..\commonItems\iconvlite.cpp">
      <Filter>ConverterFiles\commonItems</Filter>
    </ClCompile>
    <ClCompile Include="..\commonItems\Log.cpp">
      <Filter>ConverterFiles\commonItems</Filter>
    </ClCompile>
    <ClCompile Include="..\commonItems\Parser.cpp">
      <Filter>ConverterFiles\commonItems</Filter>
    </ClCompile>
    <ClCompile Include="..\commonItems\ParserHelpers.cpp">
      <Filter>ConverterFiles\commonItems</Filter>
    </ClCompile>
    <ClCompile Include="..\commonItems\StringUtils.cpp">
      <Filter>ConverterFiles\commonItems</Filter>
    </ClCompile>
    <ClCompile Include="..\commonItems\WinUtils.cpp">
      <Filter>ConverterFiles\commonItems</Filter>
    </ClCompile>
    <ClCompile Include="..\commonItems\OSCommonLayer.cpp">
      <Filter>ConverterFiles\commonItems</Filter>
    </ClCompile>
    <ClCompile Include="..\commonItems\GameVersion.cpp">
      <Filter>ConverterFiles\commonItems</Filter>
    </ClCompile>
    <ClCompile Include="..\commonItems\CommonFunctions.cpp">
      <Filter>ConverterFiles\commonItems</Filter>
    </ClCompile>
    <ClCompile Include="..\EU4toV2\Source\Mappers\CountryMappings\CountryMapping.cpp">
      <Filter>ConverterFiles\Mappers\CountryMappings</Filter>
    </ClCompile>
    <ClCompile Include="MapperTests\CountryMappings\CountryMappingTests.cpp">
      <Filter>MapperTests\CountryMappings</Filter>
    </ClCompile>
  </ItemGroup>
  <ItemGroup>
    <Filter Include="EU4WorldTests">
      <UniqueIdentifier>{69d5d957-cedc-4e54-ac00-35b57710b4a9}</UniqueIdentifier>
    </Filter>
    <Filter Include="Vic2WorldTests">
      <UniqueIdentifier>{fbc73b64-cbe6-4376-a79e-dc1da7f57eba}</UniqueIdentifier>
    </Filter>
    <Filter Include="ConverterFiles">
      <UniqueIdentifier>{15d90f21-825c-4b5c-8541-ce76f1fb3bf3}</UniqueIdentifier>
    </Filter>
    <Filter Include="ConverterFiles\Vic2World">
      <UniqueIdentifier>{e38cf41f-c863-4ffd-8b4a-54af80f25231}</UniqueIdentifier>
    </Filter>
    <Filter Include="ConverterFiles\Mappers">
      <UniqueIdentifier>{be2418b3-5cc4-4dd1-973c-30f8d0cf97e2}</UniqueIdentifier>
    </Filter>
    <Filter Include="ConverterFiles\EU4World">
      <UniqueIdentifier>{4b1804e5-f7ad-47d2-ad23-ff9402369723}</UniqueIdentifier>
    </Filter>
    <Filter Include="ConverterFiles\EU4World\Regions">
      <UniqueIdentifier>{046adea3-2e09-4d20-b295-7331c9288267}</UniqueIdentifier>
    </Filter>
    <Filter Include="MapperTests">
      <UniqueIdentifier>{464b88af-654c-465b-a04b-5006c936bb45}</UniqueIdentifier>
    </Filter>
    <Filter Include="Mocks">
      <UniqueIdentifier>{ee4bf73c-f3a3-44d9-96c7-d17c2ef2af32}</UniqueIdentifier>
    </Filter>
    <Filter Include="ConverterFiles\EU4World\Religions">
      <UniqueIdentifier>{c094b18a-da92-48b3-868b-701fb0b47bab}</UniqueIdentifier>
    </Filter>
    <Filter Include="ConverterFiles\EU4World\Provinces">
      <UniqueIdentifier>{097e8458-e436-48ad-bd03-bc22450ba0ca}</UniqueIdentifier>
    </Filter>
    <Filter Include="ConverterFiles\Mappers\ProvinceMappings">
      <UniqueIdentifier>{613bca75-72d8-46d3-8955-abe43068f281}</UniqueIdentifier>
    </Filter>
    <Filter Include="ConverterFiles\EU4World\Mods">
      <UniqueIdentifier>{c6f85fcb-4f62-4c3e-bdb2-d295b24b3bd1}</UniqueIdentifier>
    </Filter>
    <Filter Include="ConverterFiles\Helpers">
      <UniqueIdentifier>{24f4672d-5798-4943-8a21-4d71d38580e5}</UniqueIdentifier>
    </Filter>
    <Filter Include="HelpersTests">
      <UniqueIdentifier>{990552e6-b585-4a97-8e3c-63c6099e25e1}</UniqueIdentifier>
    </Filter>
    <Filter Include="ConverterFiles\EU4World\Modifiers">
      <UniqueIdentifier>{b50f49fb-ec18-4d14-aac1-f0ff92d9acbf}</UniqueIdentifier>
    </Filter>
    <Filter Include="ConverterFiles\EU4World\ColonialRegions">
      <UniqueIdentifier>{7fba0347-5440-48b3-8dc3-04c9100995d6}</UniqueIdentifier>
    </Filter>
    <Filter Include="ConverterFiles\Mappers\Buildings">
      <UniqueIdentifier>{2d828934-05e9-4b46-b27c-045548db083e}</UniqueIdentifier>
    </Filter>
    <Filter Include="ConverterFiles\Mappers\CultureMapper">
      <UniqueIdentifier>{3c56d58f-9f93-456d-ae75-1335778243c6}</UniqueIdentifier>
    </Filter>
    <Filter Include="ConverterFiles\Mappers\ReligionMapper">
      <UniqueIdentifier>{2d5da7a3-70c4-4793-8086-3dde86223c24}</UniqueIdentifier>
    </Filter>
    <Filter Include="ConverterFiles\Mappers\StateMapper">
      <UniqueIdentifier>{71d8f29f-8b37-4fbe-b1f2-bf458df5a5fe}</UniqueIdentifier>
    </Filter>
    <Filter Include="ConverterFiles\Mappers\BlockedTechSchools">
      <UniqueIdentifier>{0cc358a1-c489-41af-bd24-e294771ad11a}</UniqueIdentifier>
    </Filter>
    <Filter Include="ConverterFiles\Mappers\TechSchools">
      <UniqueIdentifier>{aea21223-5b8f-40a6-b3e5-856bf8282abb}</UniqueIdentifier>
    </Filter>
    <Filter Include="ConverterFiles\Mappers\CulturalUnions">
      <UniqueIdentifier>{616b3a09-197a-4a8d-a7e8-fc649643c62f}</UniqueIdentifier>
    </Filter>
    <Filter Include="ConverterFiles\Mappers\IdeaEffects">
      <UniqueIdentifier>{a200438b-4f49-4a38-a440-485e64d171b5}</UniqueIdentifier>
    </Filter>
    <Filter Include="ConverterFiles\Mappers\SuperGroupMapper">
      <UniqueIdentifier>{88e40f2b-545c-4ad1-b53e-8931a8e8d5ae}</UniqueIdentifier>
    </Filter>
    <Filter Include="ConverterFiles\commonItems">
      <UniqueIdentifier>{87c6ec85-b77f-4e5f-9685-fe52f9d29d40}</UniqueIdentifier>
    </Filter>
    <Filter Include="ConverterFiles\Mappers\CountryMappings">
      <UniqueIdentifier>{5a7d0b3e-be05-4c5e-b821-003d63baa3f2}</UniqueIdentifier>
    </Filter>
    <Filter Include="MapperTests\CountryMappings">
      <UniqueIdentifier>{1d2e3714-20f2-4f78-aaea-16be904f82a3}</UniqueIdentifier>
    </Filter>
  </ItemGroup>
  <ItemGroup>
    <ClInclude Include="Mocks\RegionsMock.h">
      <Filter>Mocks</Filter>
    </ClInclude>
    <ClInclude Include="Mocks\Vic2CountryMock.h">
      <Filter>Mocks</Filter>
    </ClInclude>
    <ClInclude Include="Mocks\EU4CountryMock.h">
      <Filter>Mocks</Filter>
    </ClInclude>
  </ItemGroup>
</Project>